<?xml version="1.0" encoding="UTF-8"?>
<!DOCTYPE plist PUBLIC "-//Apple//DTD PLIST 1.0//EN" "http://www.apple.com/DTDs/PropertyList-1.0.dtd">
<plist version="1.0">
<dict>
	<key>archiveVersion</key>
	<string>1</string>
	<key>classes</key>
	<dict/>
	<key>objectVersion</key>
	<string>46</string>
	<key>objects</key>
	<dict>
		<key>23F836191739F8F70012E52F</key>
		<dict>
			<key>children</key>
			<array>
				<string>23F8362B1739F8F80012E52F</string>
				<string>23F836481739F8FA0012E52F</string>
				<string>23F836241739F8F80012E52F</string>
				<string>23F836231739F8F80012E52F</string>
				<string>AFAE8566EC844BD68B0B102A</string>
			</array>
			<key>isa</key>
			<string>PBXGroup</string>
			<key>sourceTree</key>
			<string>&lt;group&gt;</string>
		</dict>
		<key>23F8361A1739F8F70012E52F</key>
		<dict>
			<key>attributes</key>
			<dict>
				<key>LastUpgradeCheck</key>
				<string>0460</string>
				<key>ORGANIZATIONNAME</key>
				<string>cjdesch</string>
			</dict>
			<key>buildConfigurationList</key>
			<string>23F8361D1739F8F70012E52F</string>
			<key>compatibilityVersion</key>
			<string>Xcode 3.2</string>
			<key>developmentRegion</key>
			<string>English</string>
			<key>hasScannedForEncodings</key>
			<string>0</string>
			<key>isa</key>
			<string>PBXProject</string>
			<key>knownRegions</key>
			<array>
				<string>en</string>
			</array>
			<key>mainGroup</key>
			<string>23F836191739F8F70012E52F</string>
			<key>productRefGroup</key>
			<string>23F836231739F8F80012E52F</string>
			<key>projectDirPath</key>
			<string></string>
			<key>projectReferences</key>
			<array/>
			<key>projectRoot</key>
			<string></string>
			<key>targets</key>
			<array>
				<string>23F836211739F8F80012E52F</string>
				<string>23F836411739F8FA0012E52F</string>
			</array>
		</dict>
		<key>23F8361D1739F8F70012E52F</key>
		<dict>
			<key>buildConfigurations</key>
			<array>
				<string>23F836511739F8FA0012E52F</string>
				<string>23F836521739F8FA0012E52F</string>
			</array>
			<key>defaultConfigurationIsVisible</key>
			<string>0</string>
			<key>defaultConfigurationName</key>
			<string>Release</string>
			<key>isa</key>
			<string>XCConfigurationList</string>
		</dict>
		<key>23F8361E1739F8F80012E52F</key>
		<dict>
			<key>buildActionMask</key>
			<string>2147483647</string>
			<key>files</key>
			<array>
				<string>23F836321739F8F80012E52F</string>
				<string>23F836391739F8F80012E52F</string>
				<string>23F836A71739F97F0012E52F</string>
			</array>
			<key>isa</key>
			<string>PBXSourcesBuildPhase</string>
			<key>runOnlyForDeploymentPostprocessing</key>
			<string>0</string>
		</dict>
		<key>23F8361F1739F8F80012E52F</key>
		<dict>
			<key>buildActionMask</key>
			<string>2147483647</string>
			<key>files</key>
			<array>
				<string>23F836B41739F9AF0012E52F</string>
				<string>23F836B21739F9A80012E52F</string>
				<string>23F836AE1739F9A20012E52F</string>
				<string>23F836AF1739F9A20012E52F</string>
				<string>23F836B01739F9A20012E52F</string>
				<string>23F836261739F8F80012E52F</string>
				<string>23F836A91739F97F0012E52F</string>
				<string>8F8A743DFAA14D8B8F5DF43B</string>
			</array>
			<key>isa</key>
			<string>PBXFrameworksBuildPhase</string>
			<key>runOnlyForDeploymentPostprocessing</key>
			<string>0</string>
		</dict>
		<key>23F836201739F8F80012E52F</key>
		<dict>
			<key>buildActionMask</key>
			<string>2147483647</string>
			<key>files</key>
			<array>
				<string>23F836C11739FA590012E52F</string>
				<string>23F836301739F8F80012E52F</string>
				<string>23F836361739F8F80012E52F</string>
				<string>23F8363C1739F8F80012E52F</string>
			</array>
			<key>isa</key>
			<string>PBXResourcesBuildPhase</string>
			<key>runOnlyForDeploymentPostprocessing</key>
			<string>0</string>
		</dict>
		<key>23F836211739F8F80012E52F</key>
		<dict>
			<key>buildConfigurationList</key>
			<string>23F836531739F8FA0012E52F</string>
			<key>buildPhases</key>
			<array>
				<string>72AF074560724DDB86092831</string>
				<string>23F8361E1739F8F80012E52F</string>
				<string>23F8361F1739F8F80012E52F</string>
				<string>23F836201739F8F80012E52F</string>
				<string>23F836B51739F9BF0012E52F</string>
				<string>FED6878038B24733B50E1B6C</string>
			</array>
			<key>buildRules</key>
			<array/>
			<key>dependencies</key>
			<array/>
			<key>isa</key>
			<string>PBXNativeTarget</string>
			<key>name</key>
			<string>HelloWorldBlocks</string>
			<key>productName</key>
			<string>HelloWorldBlocks</string>
			<key>productReference</key>
			<string>23F836221739F8F80012E52F</string>
			<key>productType</key>
			<string>com.apple.product-type.application</string>
		</dict>
		<key>23F836221739F8F80012E52F</key>
		<dict>
			<key>explicitFileType</key>
			<string>wrapper.application</string>
			<key>includeInIndex</key>
			<string>0</string>
			<key>isa</key>
			<string>PBXFileReference</string>
			<key>path</key>
			<string>HelloWorldBlocks.app</string>
			<key>sourceTree</key>
			<string>BUILT_PRODUCTS_DIR</string>
		</dict>
		<key>23F836231739F8F80012E52F</key>
		<dict>
			<key>children</key>
			<array>
				<string>23F836221739F8F80012E52F</string>
				<string>23F836421739F8FA0012E52F</string>
			</array>
			<key>isa</key>
			<string>PBXGroup</string>
			<key>name</key>
			<string>Products</string>
			<key>sourceTree</key>
			<string>&lt;group&gt;</string>
		</dict>
		<key>23F836241739F8F80012E52F</key>
		<dict>
			<key>children</key>
			<array>
				<string>23F836B31739F9AF0012E52F</string>
				<string>23F836B11739F9A80012E52F</string>
				<string>23F836AB1739F9A20012E52F</string>
				<string>23F836AC1739F9A20012E52F</string>
				<string>23F836AD1739F9A20012E52F</string>
				<string>23F836251739F8F80012E52F</string>
				<string>23F836431739F8FA0012E52F</string>
				<string>23F836271739F8F80012E52F</string>
				<string>E03652F3622048E1805620EF</string>
			</array>
			<key>isa</key>
			<string>PBXGroup</string>
			<key>name</key>
			<string>Frameworks</string>
			<key>sourceTree</key>
			<string>&lt;group&gt;</string>
		</dict>
		<key>23F836251739F8F80012E52F</key>
		<dict>
			<key>isa</key>
			<string>PBXFileReference</string>
			<key>lastKnownFileType</key>
			<string>wrapper.framework</string>
			<key>name</key>
			<string>Cocoa.framework</string>
			<key>path</key>
			<string>System/Library/Frameworks/Cocoa.framework</string>
			<key>sourceTree</key>
			<string>SDKROOT</string>
		</dict>
		<key>23F836261739F8F80012E52F</key>
		<dict>
			<key>fileRef</key>
			<string>23F836251739F8F80012E52F</string>
			<key>isa</key>
			<string>PBXBuildFile</string>
		</dict>
		<key>23F836271739F8F80012E52F</key>
		<dict>
			<key>children</key>
			<array>
				<string>23F836281739F8F80012E52F</string>
				<string>23F836291739F8F80012E52F</string>
				<string>23F8362A1739F8F80012E52F</string>
			</array>
			<key>isa</key>
			<string>PBXGroup</string>
			<key>name</key>
			<string>Other Frameworks</string>
			<key>sourceTree</key>
			<string>&lt;group&gt;</string>
		</dict>
		<key>23F836281739F8F80012E52F</key>
		<dict>
			<key>isa</key>
			<string>PBXFileReference</string>
			<key>lastKnownFileType</key>
			<string>wrapper.framework</string>
			<key>name</key>
			<string>AppKit.framework</string>
			<key>path</key>
			<string>System/Library/Frameworks/AppKit.framework</string>
			<key>sourceTree</key>
			<string>SDKROOT</string>
		</dict>
		<key>23F836291739F8F80012E52F</key>
		<dict>
			<key>isa</key>
			<string>PBXFileReference</string>
			<key>lastKnownFileType</key>
			<string>wrapper.framework</string>
			<key>name</key>
			<string>CoreData.framework</string>
			<key>path</key>
			<string>System/Library/Frameworks/CoreData.framework</string>
			<key>sourceTree</key>
			<string>SDKROOT</string>
		</dict>
		<key>23F8362A1739F8F80012E52F</key>
		<dict>
			<key>isa</key>
			<string>PBXFileReference</string>
			<key>lastKnownFileType</key>
			<string>wrapper.framework</string>
			<key>name</key>
			<string>Foundation.framework</string>
			<key>path</key>
			<string>System/Library/Frameworks/Foundation.framework</string>
			<key>sourceTree</key>
			<string>SDKROOT</string>
		</dict>
		<key>23F8362B1739F8F80012E52F</key>
		<dict>
			<key>children</key>
			<array>
				<string>23F836A21739F97F0012E52F</string>
				<string>23F836A31739F97F0012E52F</string>
				<string>23F836A41739F97F0012E52F</string>
				<string>23F836A51739F97F0012E52F</string>
				<string>23F836A61739F97F0012E52F</string>
				<string>23F836371739F8F80012E52F</string>
				<string>23F836381739F8F80012E52F</string>
				<string>23F8363A1739F8F80012E52F</string>
				<string>23F8362C1739F8F80012E52F</string>
			</array>
			<key>isa</key>
			<string>PBXGroup</string>
			<key>path</key>
			<string>HelloWorldBlocks</string>
			<key>sourceTree</key>
			<string>&lt;group&gt;</string>
		</dict>
		<key>23F8362C1739F8F80012E52F</key>
		<dict>
			<key>children</key>
			<array>
				<string>23F8362D1739F8F80012E52F</string>
				<string>23F8362E1739F8F80012E52F</string>
				<string>23F836311739F8F80012E52F</string>
				<string>23F836331739F8F80012E52F</string>
				<string>23F836341739F8F80012E52F</string>
			</array>
			<key>isa</key>
			<string>PBXGroup</string>
			<key>name</key>
			<string>Supporting Files</string>
			<key>sourceTree</key>
			<string>&lt;group&gt;</string>
		</dict>
		<key>23F8362D1739F8F80012E52F</key>
		<dict>
			<key>isa</key>
			<string>PBXFileReference</string>
			<key>lastKnownFileType</key>
			<string>text.plist.xml</string>
			<key>path</key>
			<string>HelloWorldBlocks-Info.plist</string>
			<key>sourceTree</key>
			<string>&lt;group&gt;</string>
		</dict>
		<key>23F8362E1739F8F80012E52F</key>
		<dict>
			<key>children</key>
			<array>
				<string>23F8362F1739F8F80012E52F</string>
			</array>
			<key>isa</key>
			<string>PBXVariantGroup</string>
			<key>name</key>
			<string>InfoPlist.strings</string>
			<key>sourceTree</key>
			<string>&lt;group&gt;</string>
		</dict>
		<key>23F8362F1739F8F80012E52F</key>
		<dict>
			<key>isa</key>
			<string>PBXFileReference</string>
			<key>lastKnownFileType</key>
			<string>text.plist.strings</string>
			<key>name</key>
			<string>en</string>
			<key>path</key>
			<string>en.lproj/InfoPlist.strings</string>
			<key>sourceTree</key>
			<string>&lt;group&gt;</string>
		</dict>
		<key>23F836301739F8F80012E52F</key>
		<dict>
			<key>fileRef</key>
			<string>23F8362E1739F8F80012E52F</string>
			<key>isa</key>
			<string>PBXBuildFile</string>
		</dict>
		<key>23F836311739F8F80012E52F</key>
		<dict>
			<key>isa</key>
			<string>PBXFileReference</string>
			<key>lastKnownFileType</key>
			<string>sourcecode.c.objc</string>
			<key>path</key>
			<string>main.m</string>
			<key>sourceTree</key>
			<string>&lt;group&gt;</string>
		</dict>
		<key>23F836321739F8F80012E52F</key>
		<dict>
			<key>fileRef</key>
			<string>23F836311739F8F80012E52F</string>
			<key>isa</key>
			<string>PBXBuildFile</string>
		</dict>
		<key>23F836331739F8F80012E52F</key>
		<dict>
			<key>isa</key>
			<string>PBXFileReference</string>
			<key>lastKnownFileType</key>
			<string>sourcecode.c.h</string>
			<key>path</key>
			<string>HelloWorldBlocks-Prefix.pch</string>
			<key>sourceTree</key>
			<string>&lt;group&gt;</string>
		</dict>
		<key>23F836341739F8F80012E52F</key>
		<dict>
			<key>children</key>
			<array>
				<string>23F836351739F8F80012E52F</string>
			</array>
			<key>isa</key>
			<string>PBXVariantGroup</string>
			<key>name</key>
			<string>Credits.rtf</string>
			<key>sourceTree</key>
			<string>&lt;group&gt;</string>
		</dict>
		<key>23F836351739F8F80012E52F</key>
		<dict>
			<key>isa</key>
			<string>PBXFileReference</string>
			<key>lastKnownFileType</key>
			<string>text.rtf</string>
			<key>name</key>
			<string>en</string>
			<key>path</key>
			<string>en.lproj/Credits.rtf</string>
			<key>sourceTree</key>
			<string>&lt;group&gt;</string>
		</dict>
		<key>23F836361739F8F80012E52F</key>
		<dict>
			<key>fileRef</key>
			<string>23F836341739F8F80012E52F</string>
			<key>isa</key>
			<string>PBXBuildFile</string>
		</dict>
		<key>23F836371739F8F80012E52F</key>
		<dict>
			<key>isa</key>
			<string>PBXFileReference</string>
			<key>lastKnownFileType</key>
			<string>sourcecode.c.h</string>
			<key>path</key>
			<string>AppDelegate.h</string>
			<key>sourceTree</key>
			<string>&lt;group&gt;</string>
		</dict>
		<key>23F836381739F8F80012E52F</key>
		<dict>
			<key>isa</key>
			<string>PBXFileReference</string>
			<key>lastKnownFileType</key>
			<string>sourcecode.c.objc</string>
			<key>path</key>
			<string>AppDelegate.m</string>
			<key>sourceTree</key>
			<string>&lt;group&gt;</string>
		</dict>
		<key>23F836391739F8F80012E52F</key>
		<dict>
			<key>fileRef</key>
			<string>23F836381739F8F80012E52F</string>
			<key>isa</key>
			<string>PBXBuildFile</string>
		</dict>
		<key>23F8363A1739F8F80012E52F</key>
		<dict>
			<key>children</key>
			<array>
				<string>23F8363B1739F8F80012E52F</string>
			</array>
			<key>isa</key>
			<string>PBXVariantGroup</string>
			<key>name</key>
			<string>MainMenu.xib</string>
			<key>sourceTree</key>
			<string>&lt;group&gt;</string>
		</dict>
		<key>23F8363B1739F8F80012E52F</key>
		<dict>
			<key>isa</key>
			<string>PBXFileReference</string>
			<key>lastKnownFileType</key>
			<string>file.xib</string>
			<key>name</key>
			<string>en</string>
			<key>path</key>
			<string>en.lproj/MainMenu.xib</string>
			<key>sourceTree</key>
			<string>&lt;group&gt;</string>
		</dict>
		<key>23F8363C1739F8F80012E52F</key>
		<dict>
			<key>fileRef</key>
			<string>23F8363A1739F8F80012E52F</string>
			<key>isa</key>
			<string>PBXBuildFile</string>
		</dict>
		<key>23F8363D1739F8FA0012E52F</key>
		<dict>
			<key>buildActionMask</key>
			<string>2147483647</string>
			<key>files</key>
			<array>
				<string>23F836501739F8FA0012E52F</string>
				<string>23F836A81739F97F0012E52F</string>
			</array>
			<key>isa</key>
			<string>PBXSourcesBuildPhase</string>
			<key>runOnlyForDeploymentPostprocessing</key>
			<string>0</string>
		</dict>
		<key>23F8363E1739F8FA0012E52F</key>
		<dict>
			<key>buildActionMask</key>
			<string>2147483647</string>
			<key>files</key>
			<array>
				<string>23F836441739F8FA0012E52F</string>
				<string>23F836451739F8FA0012E52F</string>
				<string>23F836AA1739F97F0012E52F</string>
			</array>
			<key>isa</key>
			<string>PBXFrameworksBuildPhase</string>
			<key>runOnlyForDeploymentPostprocessing</key>
			<string>0</string>
		</dict>
		<key>23F8363F1739F8FA0012E52F</key>
		<dict>
			<key>buildActionMask</key>
			<string>2147483647</string>
			<key>files</key>
			<array>
				<string>23F8364D1739F8FA0012E52F</string>
			</array>
			<key>isa</key>
			<string>PBXResourcesBuildPhase</string>
			<key>runOnlyForDeploymentPostprocessing</key>
			<string>0</string>
		</dict>
		<key>23F836401739F8FA0012E52F</key>
		<dict>
			<key>buildActionMask</key>
			<string>2147483647</string>
			<key>files</key>
			<array/>
			<key>inputPaths</key>
			<array/>
			<key>isa</key>
			<string>PBXShellScriptBuildPhase</string>
			<key>outputPaths</key>
			<array/>
			<key>runOnlyForDeploymentPostprocessing</key>
			<string>0</string>
			<key>shellPath</key>
			<string>/bin/sh</string>
			<key>shellScript</key>
			<string># Run the unit tests in this test bundle.
"${SYSTEM_DEVELOPER_DIR}/Tools/RunUnitTests"
</string>
		</dict>
		<key>23F836411739F8FA0012E52F</key>
		<dict>
			<key>buildConfigurationList</key>
			<string>23F836561739F8FA0012E52F</string>
			<key>buildPhases</key>
			<array>
				<string>23F8363D1739F8FA0012E52F</string>
				<string>23F8363E1739F8FA0012E52F</string>
				<string>23F8363F1739F8FA0012E52F</string>
				<string>23F836401739F8FA0012E52F</string>
			</array>
			<key>buildRules</key>
			<array/>
			<key>dependencies</key>
			<array>
				<string>23F836471739F8FA0012E52F</string>
			</array>
			<key>isa</key>
			<string>PBXNativeTarget</string>
			<key>name</key>
			<string>HelloWorldBlocksTests</string>
			<key>productName</key>
			<string>HelloWorldBlocksTests</string>
			<key>productReference</key>
			<string>23F836421739F8FA0012E52F</string>
			<key>productType</key>
			<string>com.apple.product-type.bundle</string>
		</dict>
		<key>23F836421739F8FA0012E52F</key>
		<dict>
			<key>explicitFileType</key>
			<string>wrapper.cfbundle</string>
			<key>includeInIndex</key>
			<string>0</string>
			<key>isa</key>
			<string>PBXFileReference</string>
			<key>path</key>
			<string>HelloWorldBlocksTests.octest</string>
			<key>sourceTree</key>
			<string>BUILT_PRODUCTS_DIR</string>
		</dict>
		<key>23F836431739F8FA0012E52F</key>
		<dict>
			<key>isa</key>
			<string>PBXFileReference</string>
			<key>lastKnownFileType</key>
			<string>wrapper.framework</string>
			<key>name</key>
			<string>SenTestingKit.framework</string>
			<key>path</key>
			<string>Library/Frameworks/SenTestingKit.framework</string>
			<key>sourceTree</key>
			<string>DEVELOPER_DIR</string>
		</dict>
		<key>23F836441739F8FA0012E52F</key>
		<dict>
			<key>fileRef</key>
			<string>23F836431739F8FA0012E52F</string>
			<key>isa</key>
			<string>PBXBuildFile</string>
		</dict>
		<key>23F836451739F8FA0012E52F</key>
		<dict>
			<key>fileRef</key>
			<string>23F836251739F8F80012E52F</string>
			<key>isa</key>
			<string>PBXBuildFile</string>
		</dict>
		<key>23F836461739F8FA0012E52F</key>
		<dict>
			<key>containerPortal</key>
			<string>23F8361A1739F8F70012E52F</string>
			<key>isa</key>
			<string>PBXContainerItemProxy</string>
			<key>proxyType</key>
			<string>1</string>
			<key>remoteGlobalIDString</key>
			<string>23F836211739F8F80012E52F</string>
			<key>remoteInfo</key>
			<string>HelloWorldBlocks</string>
		</dict>
		<key>23F836471739F8FA0012E52F</key>
		<dict>
			<key>isa</key>
			<string>PBXTargetDependency</string>
			<key>target</key>
			<string>23F836211739F8F80012E52F</string>
			<key>targetProxy</key>
			<string>23F836461739F8FA0012E52F</string>
		</dict>
		<key>23F836481739F8FA0012E52F</key>
		<dict>
			<key>children</key>
			<array>
				<string>23F8364E1739F8FA0012E52F</string>
				<string>23F8364F1739F8FA0012E52F</string>
				<string>23F836491739F8FA0012E52F</string>
			</array>
			<key>isa</key>
			<string>PBXGroup</string>
			<key>path</key>
			<string>HelloWorldBlocksTests</string>
			<key>sourceTree</key>
			<string>&lt;group&gt;</string>
		</dict>
		<key>23F836491739F8FA0012E52F</key>
		<dict>
			<key>children</key>
			<array>
				<string>23F8364A1739F8FA0012E52F</string>
				<string>23F8364B1739F8FA0012E52F</string>
			</array>
			<key>isa</key>
			<string>PBXGroup</string>
			<key>name</key>
			<string>Supporting Files</string>
			<key>sourceTree</key>
			<string>&lt;group&gt;</string>
		</dict>
		<key>23F8364A1739F8FA0012E52F</key>
		<dict>
			<key>isa</key>
			<string>PBXFileReference</string>
			<key>lastKnownFileType</key>
			<string>text.plist.xml</string>
			<key>path</key>
			<string>HelloWorldBlocksTests-Info.plist</string>
			<key>sourceTree</key>
			<string>&lt;group&gt;</string>
		</dict>
		<key>23F8364B1739F8FA0012E52F</key>
		<dict>
			<key>children</key>
			<array>
				<string>23F8364C1739F8FA0012E52F</string>
			</array>
			<key>isa</key>
			<string>PBXVariantGroup</string>
			<key>name</key>
			<string>InfoPlist.strings</string>
			<key>sourceTree</key>
			<string>&lt;group&gt;</string>
		</dict>
		<key>23F8364C1739F8FA0012E52F</key>
		<dict>
			<key>isa</key>
			<string>PBXFileReference</string>
			<key>lastKnownFileType</key>
			<string>text.plist.strings</string>
			<key>name</key>
			<string>en</string>
			<key>path</key>
			<string>en.lproj/InfoPlist.strings</string>
			<key>sourceTree</key>
			<string>&lt;group&gt;</string>
		</dict>
		<key>23F8364D1739F8FA0012E52F</key>
		<dict>
			<key>fileRef</key>
			<string>23F8364B1739F8FA0012E52F</string>
			<key>isa</key>
			<string>PBXBuildFile</string>
		</dict>
		<key>23F8364E1739F8FA0012E52F</key>
		<dict>
			<key>isa</key>
			<string>PBXFileReference</string>
			<key>lastKnownFileType</key>
			<string>sourcecode.c.h</string>
			<key>path</key>
			<string>HelloWorldBlocksTests.h</string>
			<key>sourceTree</key>
			<string>&lt;group&gt;</string>
		</dict>
		<key>23F8364F1739F8FA0012E52F</key>
		<dict>
			<key>isa</key>
			<string>PBXFileReference</string>
			<key>lastKnownFileType</key>
			<string>sourcecode.c.objc</string>
			<key>path</key>
			<string>HelloWorldBlocksTests.m</string>
			<key>sourceTree</key>
			<string>&lt;group&gt;</string>
		</dict>
		<key>23F836501739F8FA0012E52F</key>
		<dict>
			<key>fileRef</key>
			<string>23F8364F1739F8FA0012E52F</string>
			<key>isa</key>
			<string>PBXBuildFile</string>
		</dict>
		<key>23F836511739F8FA0012E52F</key>
		<dict>
			<key>buildSettings</key>
			<dict>
				<key>ALWAYS_SEARCH_USER_PATHS</key>
				<string>NO</string>
				<key>ARCHS</key>
				<string>$(ARCHS_STANDARD_64_BIT)</string>
				<key>CLANG_CXX_LANGUAGE_STANDARD</key>
				<string>gnu++0x</string>
				<key>CLANG_CXX_LIBRARY</key>
				<string>libc++</string>
				<key>CLANG_ENABLE_OBJC_ARC</key>
				<string>YES</string>
				<key>CLANG_WARN_CONSTANT_CONVERSION</key>
				<string>YES</string>
				<key>CLANG_WARN_EMPTY_BODY</key>
				<string>YES</string>
				<key>CLANG_WARN_ENUM_CONVERSION</key>
				<string>YES</string>
				<key>CLANG_WARN_INT_CONVERSION</key>
				<string>YES</string>
				<key>CLANG_WARN__DUPLICATE_METHOD_MATCH</key>
				<string>YES</string>
				<key>COPY_PHASE_STRIP</key>
				<string>NO</string>
				<key>GCC_C_LANGUAGE_STANDARD</key>
				<string>gnu99</string>
				<key>GCC_DYNAMIC_NO_PIC</key>
				<string>NO</string>
				<key>GCC_ENABLE_OBJC_EXCEPTIONS</key>
				<string>YES</string>
				<key>GCC_OPTIMIZATION_LEVEL</key>
				<string>0</string>
				<key>GCC_PREPROCESSOR_DEFINITIONS</key>
				<array>
					<string>DEBUG=1</string>
					<string>$(inherited)</string>
				</array>
				<key>GCC_SYMBOLS_PRIVATE_EXTERN</key>
				<string>NO</string>
				<key>GCC_WARN_64_TO_32_BIT_CONVERSION</key>
				<string>YES</string>
				<key>GCC_WARN_ABOUT_RETURN_TYPE</key>
				<string>YES</string>
				<key>GCC_WARN_UNINITIALIZED_AUTOS</key>
				<string>YES</string>
				<key>GCC_WARN_UNUSED_VARIABLE</key>
				<string>YES</string>
				<key>MACOSX_DEPLOYMENT_TARGET</key>
				<string>10.7</string>
				<key>ONLY_ACTIVE_ARCH</key>
				<string>YES</string>
				<key>SDKROOT</key>
				<string>macosx</string>
			</dict>
			<key>isa</key>
			<string>XCBuildConfiguration</string>
			<key>name</key>
			<string>Debug</string>
		</dict>
		<key>23F836521739F8FA0012E52F</key>
		<dict>
			<key>buildSettings</key>
			<dict>
				<key>ALWAYS_SEARCH_USER_PATHS</key>
				<string>NO</string>
				<key>ARCHS</key>
				<string>$(ARCHS_STANDARD_64_BIT)</string>
				<key>CLANG_CXX_LANGUAGE_STANDARD</key>
				<string>gnu++0x</string>
				<key>CLANG_CXX_LIBRARY</key>
				<string>libc++</string>
				<key>CLANG_ENABLE_OBJC_ARC</key>
				<string>YES</string>
				<key>CLANG_WARN_CONSTANT_CONVERSION</key>
				<string>YES</string>
				<key>CLANG_WARN_EMPTY_BODY</key>
				<string>YES</string>
				<key>CLANG_WARN_ENUM_CONVERSION</key>
				<string>YES</string>
				<key>CLANG_WARN_INT_CONVERSION</key>
				<string>YES</string>
				<key>CLANG_WARN__DUPLICATE_METHOD_MATCH</key>
				<string>YES</string>
				<key>COPY_PHASE_STRIP</key>
				<string>YES</string>
				<key>DEBUG_INFORMATION_FORMAT</key>
				<string>dwarf-with-dsym</string>
				<key>GCC_C_LANGUAGE_STANDARD</key>
				<string>gnu99</string>
				<key>GCC_ENABLE_OBJC_EXCEPTIONS</key>
				<string>YES</string>
				<key>GCC_WARN_64_TO_32_BIT_CONVERSION</key>
				<string>YES</string>
				<key>GCC_WARN_ABOUT_RETURN_TYPE</key>
				<string>YES</string>
				<key>GCC_WARN_UNINITIALIZED_AUTOS</key>
				<string>YES</string>
				<key>GCC_WARN_UNUSED_VARIABLE</key>
				<string>YES</string>
				<key>MACOSX_DEPLOYMENT_TARGET</key>
				<string>10.7</string>
				<key>SDKROOT</key>
				<string>macosx</string>
			</dict>
			<key>isa</key>
			<string>XCBuildConfiguration</string>
			<key>name</key>
			<string>Release</string>
		</dict>
		<key>23F836531739F8FA0012E52F</key>
		<dict>
			<key>buildConfigurations</key>
			<array>
				<string>23F836541739F8FA0012E52F</string>
				<string>23F836551739F8FA0012E52F</string>
			</array>
			<key>defaultConfigurationIsVisible</key>
			<string>0</string>
			<key>isa</key>
			<string>XCConfigurationList</string>
		</dict>
		<key>23F836541739F8FA0012E52F</key>
		<dict>
			<key>baseConfigurationReference</key>
			<string>AFAE8566EC844BD68B0B102A</string>
			<key>buildSettings</key>
			<dict>
				<key>CLANG_CXX_LIBRARY</key>
				<string>libstdc++</string>
				<key>COMBINE_HIDPI_IMAGES</key>
				<string>YES</string>
				<key>GCC_OPTIMIZATION_LEVEL</key>
				<string>0</string>
				<key>GCC_PRECOMPILE_PREFIX_HEADER</key>
				<string>YES</string>
				<key>GCC_PREFIX_HEADER</key>
				<string>HelloWorldBlocks/HelloWorldBlocks-Prefix.pch</string>
				<key>INFOPLIST_FILE</key>
				<string>HelloWorldBlocks/HelloWorldBlocks-Info.plist</string>
				<key>LIBRARY_SEARCH_PATHS</key>
				<array>
					<string>$(inherited)</string>
					<string>"$(SRCROOT)/../libs/LeapSDK/lib"</string>
				</array>
				<key>PRODUCT_NAME</key>
				<string>$(TARGET_NAME)</string>
				<key>SDKROOT</key>
				<string></string>
				<key>WRAPPER_EXTENSION</key>
				<string>app</string>
			</dict>
			<key>isa</key>
			<string>XCBuildConfiguration</string>
			<key>name</key>
			<string>Debug</string>
		</dict>
		<key>23F836551739F8FA0012E52F</key>
		<dict>
			<key>baseConfigurationReference</key>
			<string>AFAE8566EC844BD68B0B102A</string>
			<key>buildSettings</key>
			<dict>
				<key>CLANG_CXX_LIBRARY</key>
				<string>libstdc++</string>
				<key>COMBINE_HIDPI_IMAGES</key>
				<string>YES</string>
				<key>GCC_OPTIMIZATION_LEVEL</key>
				<string>0</string>
				<key>GCC_PRECOMPILE_PREFIX_HEADER</key>
				<string>YES</string>
				<key>GCC_PREFIX_HEADER</key>
				<string>HelloWorldBlocks/HelloWorldBlocks-Prefix.pch</string>
				<key>INFOPLIST_FILE</key>
				<string>HelloWorldBlocks/HelloWorldBlocks-Info.plist</string>
				<key>LIBRARY_SEARCH_PATHS</key>
				<array>
					<string>$(inherited)</string>
					<string>"$(SRCROOT)/../libs/LeapSDK/lib"</string>
				</array>
				<key>PRODUCT_NAME</key>
				<string>$(TARGET_NAME)</string>
				<key>SDKROOT</key>
				<string></string>
				<key>WRAPPER_EXTENSION</key>
				<string>app</string>
			</dict>
			<key>isa</key>
			<string>XCBuildConfiguration</string>
			<key>name</key>
			<string>Release</string>
		</dict>
		<key>23F836561739F8FA0012E52F</key>
		<dict>
			<key>buildConfigurations</key>
			<array>
				<string>23F836571739F8FA0012E52F</string>
				<string>23F836581739F8FA0012E52F</string>
			</array>
			<key>defaultConfigurationIsVisible</key>
			<string>0</string>
			<key>isa</key>
			<string>XCConfigurationList</string>
		</dict>
		<key>23F836571739F8FA0012E52F</key>
		<dict>
			<key>buildSettings</key>
			<dict>
				<key>BUNDLE_LOADER</key>
				<string>$(BUILT_PRODUCTS_DIR)/HelloWorldBlocks.app/Contents/MacOS/HelloWorldBlocks</string>
				<key>COMBINE_HIDPI_IMAGES</key>
				<string>YES</string>
				<key>FRAMEWORK_SEARCH_PATHS</key>
				<string>"$(DEVELOPER_LIBRARY_DIR)/Frameworks"</string>
				<key>GCC_PRECOMPILE_PREFIX_HEADER</key>
				<string>YES</string>
				<key>GCC_PREFIX_HEADER</key>
				<string>HelloWorldBlocks/HelloWorldBlocks-Prefix.pch</string>
				<key>INFOPLIST_FILE</key>
				<string>HelloWorldBlocksTests/HelloWorldBlocksTests-Info.plist</string>
				<key>LIBRARY_SEARCH_PATHS</key>
				<array>
					<string>$(inherited)</string>
					<string>"$(SRCROOT)/../libs/LeapSDK/lib"</string>
				</array>
				<key>PRODUCT_NAME</key>
				<string>$(TARGET_NAME)</string>
				<key>TEST_HOST</key>
				<string>$(BUNDLE_LOADER)</string>
				<key>WRAPPER_EXTENSION</key>
				<string>octest</string>
			</dict>
			<key>isa</key>
			<string>XCBuildConfiguration</string>
			<key>name</key>
			<string>Debug</string>
		</dict>
		<key>23F836581739F8FA0012E52F</key>
		<dict>
			<key>buildSettings</key>
			<dict>
				<key>BUNDLE_LOADER</key>
				<string>$(BUILT_PRODUCTS_DIR)/HelloWorldBlocks.app/Contents/MacOS/HelloWorldBlocks</string>
				<key>COMBINE_HIDPI_IMAGES</key>
				<string>YES</string>
				<key>FRAMEWORK_SEARCH_PATHS</key>
				<string>"$(DEVELOPER_LIBRARY_DIR)/Frameworks"</string>
				<key>GCC_PRECOMPILE_PREFIX_HEADER</key>
				<string>YES</string>
				<key>GCC_PREFIX_HEADER</key>
				<string>HelloWorldBlocks/HelloWorldBlocks-Prefix.pch</string>
				<key>INFOPLIST_FILE</key>
				<string>HelloWorldBlocksTests/HelloWorldBlocksTests-Info.plist</string>
				<key>LIBRARY_SEARCH_PATHS</key>
				<array>
					<string>$(inherited)</string>
					<string>"$(SRCROOT)/../libs/LeapSDK/lib"</string>
				</array>
				<key>PRODUCT_NAME</key>
				<string>$(TARGET_NAME)</string>
				<key>TEST_HOST</key>
				<string>$(BUNDLE_LOADER)</string>
				<key>WRAPPER_EXTENSION</key>
				<string>octest</string>
			</dict>
			<key>isa</key>
			<string>XCBuildConfiguration</string>
			<key>name</key>
			<string>Release</string>
		</dict>
		<key>23F836A21739F97F0012E52F</key>
		<dict>
			<key>fileEncoding</key>
			<string>4</string>
			<key>isa</key>
			<string>PBXFileReference</string>
			<key>lastKnownFileType</key>
			<string>sourcecode.c.h</string>
			<key>name</key>
			<string>Leap.h</string>
			<key>path</key>
			<string>../../libs/LeapSDK/include/Leap.h</string>
			<key>sourceTree</key>
			<string>&lt;group&gt;</string>
		</dict>
		<key>23F836A31739F97F0012E52F</key>
		<dict>
			<key>fileEncoding</key>
			<string>4</string>
			<key>isa</key>
			<string>PBXFileReference</string>
			<key>lastKnownFileType</key>
			<string>sourcecode.c.h</string>
			<key>name</key>
			<string>LeapMath.h</string>
			<key>path</key>
			<string>../../libs/LeapSDK/include/LeapMath.h</string>
			<key>sourceTree</key>
			<string>&lt;group&gt;</string>
		</dict>
		<key>23F836A41739F97F0012E52F</key>
		<dict>
			<key>fileEncoding</key>
			<string>4</string>
			<key>isa</key>
			<string>PBXFileReference</string>
			<key>lastKnownFileType</key>
			<string>sourcecode.c.h</string>
			<key>name</key>
			<string>LeapObjectiveC.h</string>
			<key>path</key>
			<string>../../libs/LeapSDK/include/LeapObjectiveC.h</string>
			<key>sourceTree</key>
			<string>&lt;group&gt;</string>
		</dict>
		<key>23F836A51739F97F0012E52F</key>
		<dict>
			<key>fileEncoding</key>
			<string>4</string>
			<key>isa</key>
			<string>PBXFileReference</string>
			<key>lastKnownFileType</key>
			<string>sourcecode.cpp.objcpp</string>
			<key>name</key>
			<string>LeapObjectiveC.mm</string>
			<key>path</key>
			<string>../../libs/LeapSDK/include/LeapObjectiveC.mm</string>
			<key>sourceTree</key>
			<string>&lt;group&gt;</string>
		</dict>
		<key>23F836A61739F97F0012E52F</key>
		<dict>
			<key>isa</key>
			<string>PBXFileReference</string>
			<key>lastKnownFileType</key>
			<string>compiled.mach-o.dylib</string>
			<key>name</key>
			<string>libLeap.dylib</string>
			<key>path</key>
			<string>../../libs/LeapSDK/lib/libLeap.dylib</string>
			<key>sourceTree</key>
			<string>&lt;group&gt;</string>
		</dict>
		<key>23F836A71739F97F0012E52F</key>
		<dict>
			<key>fileRef</key>
			<string>23F836A51739F97F0012E52F</string>
			<key>isa</key>
			<string>PBXBuildFile</string>
		</dict>
		<key>23F836A81739F97F0012E52F</key>
		<dict>
			<key>fileRef</key>
			<string>23F836A51739F97F0012E52F</string>
			<key>isa</key>
			<string>PBXBuildFile</string>
		</dict>
		<key>23F836A91739F97F0012E52F</key>
		<dict>
			<key>fileRef</key>
			<string>23F836A61739F97F0012E52F</string>
			<key>isa</key>
			<string>PBXBuildFile</string>
		</dict>
		<key>23F836AA1739F97F0012E52F</key>
		<dict>
			<key>fileRef</key>
			<string>23F836A61739F97F0012E52F</string>
			<key>isa</key>
			<string>PBXBuildFile</string>
		</dict>
		<key>23F836AB1739F9A20012E52F</key>
		<dict>
			<key>isa</key>
			<string>PBXFileReference</string>
			<key>lastKnownFileType</key>
			<string>wrapper.framework</string>
			<key>name</key>
			<string>OpenAL.framework</string>
			<key>path</key>
			<string>/System/Library/Frameworks/OpenAL.framework</string>
			<key>sourceTree</key>
			<string>&lt;absolute&gt;</string>
		</dict>
		<key>23F836AC1739F9A20012E52F</key>
		<dict>
			<key>isa</key>
			<string>PBXFileReference</string>
			<key>lastKnownFileType</key>
			<string>wrapper.framework</string>
			<key>name</key>
			<string>OpenCL.framework</string>
			<key>path</key>
			<string>/System/Library/Frameworks/OpenCL.framework</string>
			<key>sourceTree</key>
			<string>&lt;absolute&gt;</string>
		</dict>
		<key>23F836AD1739F9A20012E52F</key>
		<dict>
			<key>isa</key>
			<string>PBXFileReference</string>
			<key>lastKnownFileType</key>
			<string>wrapper.framework</string>
			<key>name</key>
			<string>OpenGL.framework</string>
			<key>path</key>
			<string>/System/Library/Frameworks/OpenGL.framework</string>
			<key>sourceTree</key>
			<string>&lt;absolute&gt;</string>
		</dict>
		<key>23F836AE1739F9A20012E52F</key>
		<dict>
			<key>fileRef</key>
			<string>23F836AB1739F9A20012E52F</string>
			<key>isa</key>
			<string>PBXBuildFile</string>
		</dict>
		<key>23F836AF1739F9A20012E52F</key>
		<dict>
			<key>fileRef</key>
			<string>23F836AC1739F9A20012E52F</string>
			<key>isa</key>
			<string>PBXBuildFile</string>
		</dict>
		<key>23F836B01739F9A20012E52F</key>
		<dict>
			<key>fileRef</key>
			<string>23F836AD1739F9A20012E52F</string>
			<key>isa</key>
			<string>PBXBuildFile</string>
		</dict>
		<key>23F836B11739F9A80012E52F</key>
		<dict>
			<key>isa</key>
			<string>PBXFileReference</string>
			<key>lastKnownFileType</key>
			<string>wrapper.framework</string>
			<key>name</key>
			<string>QuartzCore.framework</string>
			<key>path</key>
			<string>/System/Library/Frameworks/QuartzCore.framework</string>
			<key>sourceTree</key>
			<string>&lt;absolute&gt;</string>
		</dict>
		<key>23F836B21739F9A80012E52F</key>
		<dict>
			<key>fileRef</key>
			<string>23F836B11739F9A80012E52F</string>
			<key>isa</key>
			<string>PBXBuildFile</string>
		</dict>
		<key>23F836B31739F9AF0012E52F</key>
		<dict>
			<key>isa</key>
			<string>PBXFileReference</string>
			<key>lastKnownFileType</key>
			<string>wrapper.framework</string>
			<key>name</key>
			<string>AudioToolbox.framework</string>
			<key>path</key>
			<string>/System/Library/Frameworks/AudioToolbox.framework</string>
			<key>sourceTree</key>
			<string>&lt;absolute&gt;</string>
		</dict>
		<key>23F836B41739F9AF0012E52F</key>
		<dict>
			<key>fileRef</key>
			<string>23F836B31739F9AF0012E52F</string>
			<key>isa</key>
			<string>PBXBuildFile</string>
		</dict>
		<key>23F836B51739F9BF0012E52F</key>
		<dict>
			<key>buildActionMask</key>
			<string>2147483647</string>
			<key>files</key>
			<array/>
			<key>inputPaths</key>
			<array/>
			<key>isa</key>
			<string>PBXShellScriptBuildPhase</string>
			<key>outputPaths</key>
			<array/>
			<key>runOnlyForDeploymentPostprocessing</key>
			<string>0</string>
			<key>shellPath</key>
			<string>/bin/sh</string>
			<key>shellScript</key>
			<string># print some debug information
echo TARGET_BUILD_DIR=${TARGET_BUILD_DIR}
echo TARGET_NAME=${TARGET_NAME}
cd ${TARGET_BUILD_DIR}/${TARGET_NAME}.app/Contents/MacOS
ls -la
# then remap the loader path
install_name_tool -change @loader_path/libLeap.dylib @executable_path/../Resources/libLeap.dylib ${TARGET_NAME}
</string>
		</dict>
		<key>23F836C11739FA590012E52F</key>
		<dict>
			<key>fileRef</key>
			<string>23F836A61739F97F0012E52F</string>
			<key>isa</key>
			<string>PBXBuildFile</string>
		</dict>
		<key>72AF074560724DDB86092831</key>
		<dict>
			<key>buildActionMask</key>
			<string>2147483647</string>
			<key>files</key>
			<array/>
			<key>inputPaths</key>
			<array/>
			<key>isa</key>
			<string>PBXShellScriptBuildPhase</string>
			<key>name</key>
			<string>Check Pods Manifest.lock</string>
			<key>outputPaths</key>
			<array/>
			<key>runOnlyForDeploymentPostprocessing</key>
			<string>0</string>
			<key>shellPath</key>
			<string>/bin/sh</string>
			<key>shellScript</key>
			<string>diff "${PODS_ROOT}/../Podfile.lock" "${PODS_ROOT}/Manifest.lock" &gt; /dev/null
if [[ $? != 0 ]] ; then
    cat &lt;&lt; EOM
error: The sandbox is not in sync with the Podfile.lock. Run 'pod install' or update your CocoaPods installation.
EOM
    exit 1
fi
</string>
			<key>showEnvVarsInLog</key>
			<string>1</string>
		</dict>
		<key>8F8A743DFAA14D8B8F5DF43B</key>
		<dict>
			<key>fileRef</key>
			<string>E03652F3622048E1805620EF</string>
			<key>isa</key>
			<string>PBXBuildFile</string>
			<key>settings</key>
			<dict/>
		</dict>
		<key>AFAE8566EC844BD68B0B102A</key>
		<dict>
			<key>includeInIndex</key>
			<string>1</string>
			<key>isa</key>
			<string>PBXFileReference</string>
			<key>lastKnownFileType</key>
			<string>text.xcconfig</string>
			<key>name</key>
			<string>Pods.xcconfig</string>
			<key>path</key>
			<string>Pods/Pods.xcconfig</string>
			<key>sourceTree</key>
			<string>SOURCE_ROOT</string>
		</dict>
		<key>E03652F3622048E1805620EF</key>
		<dict>
			<key>explicitFileType</key>
			<string>archive.ar</string>
			<key>includeInIndex</key>
			<string>0</string>
			<key>isa</key>
			<string>PBXFileReference</string>
			<key>name</key>
			<string>libPods.a</string>
			<key>path</key>
			<string>libPods.a</string>
			<key>sourceTree</key>
			<string>BUILT_PRODUCTS_DIR</string>
		</dict>
		<key>FED6878038B24733B50E1B6C</key>
		<dict>
			<key>buildActionMask</key>
			<string>2147483647</string>
			<key>files</key>
			<array/>
			<key>inputPaths</key>
			<array/>
			<key>isa</key>
			<string>PBXShellScriptBuildPhase</string>
			<key>name</key>
			<string>Copy Pods Resources</string>
			<key>outputPaths</key>
			<array/>
			<key>runOnlyForDeploymentPostprocessing</key>
			<string>0</string>
			<key>shellPath</key>
			<string>/bin/sh</string>
			<key>shellScript</key>
			<string>"${SRCROOT}/Pods/Pods-resources.sh"
</string>
			<key>showEnvVarsInLog</key>
			<string>1</string>
		</dict>
	</dict>
	<key>rootObject</key>
	<string>23F8361A1739F8F70012E52F</string>
</dict>
</plist>
