<?xml version="1.0" encoding="UTF-8"?>
<!DOCTYPE plist PUBLIC "-//Apple//DTD PLIST 1.0//EN" "http://www.apple.com/DTDs/PropertyList-1.0.dtd">
<plist version="1.0">
<dict>
	<key>archiveVersion</key>
	<string>1</string>
	<key>classes</key>
	<dict/>
	<key>objectVersion</key>
	<string>46</string>
	<key>objects</key>
	<dict>
		<key>23F836591739F92B0012E52F</key>
		<dict>
			<key>children</key>
			<array>
				<string>23F8366B1739F92B0012E52F</string>
				<string>23F836881739F92D0012E52F</string>
				<string>23F836641739F92B0012E52F</string>
				<string>23F836631739F92B0012E52F</string>
				<string>39B83E7C2DCA4E4D9FDEB4A5</string>
			</array>
			<key>isa</key>
			<string>PBXGroup</string>
			<key>sourceTree</key>
			<string>&lt;group&gt;</string>
		</dict>
		<key>23F8365A1739F92B0012E52F</key>
		<dict>
			<key>attributes</key>
			<dict>
				<key>LastUpgradeCheck</key>
				<string>0460</string>
				<key>ORGANIZATIONNAME</key>
				<string>cjdesch</string>
			</dict>
			<key>buildConfigurationList</key>
			<string>23F8365D1739F92B0012E52F</string>
			<key>compatibilityVersion</key>
			<string>Xcode 3.2</string>
			<key>developmentRegion</key>
			<string>English</string>
			<key>hasScannedForEncodings</key>
			<string>0</string>
			<key>isa</key>
			<string>PBXProject</string>
			<key>knownRegions</key>
			<array>
				<string>en</string>
			</array>
			<key>mainGroup</key>
			<string>23F836591739F92B0012E52F</string>
			<key>productRefGroup</key>
			<string>23F836631739F92B0012E52F</string>
			<key>projectDirPath</key>
			<string></string>
			<key>projectReferences</key>
			<array/>
			<key>projectRoot</key>
			<string></string>
			<key>targets</key>
			<array>
				<string>23F836611739F92B0012E52F</string>
				<string>23F836811739F92D0012E52F</string>
			</array>
		</dict>
		<key>23F8365D1739F92B0012E52F</key>
		<dict>
			<key>buildConfigurations</key>
			<array>
				<string>23F836911739F92D0012E52F</string>
				<string>23F836921739F92D0012E52F</string>
			</array>
			<key>defaultConfigurationIsVisible</key>
			<string>0</string>
			<key>defaultConfigurationName</key>
			<string>Release</string>
			<key>isa</key>
			<string>XCConfigurationList</string>
		</dict>
		<key>23F8365E1739F92B0012E52F</key>
		<dict>
			<key>buildActionMask</key>
			<string>2147483647</string>
			<key>files</key>
			<array>
				<string>23F836721739F92B0012E52F</string>
				<string>23F836791739F92B0012E52F</string>
				<string>23F8369E1739F9610012E52F</string>
			</array>
			<key>isa</key>
			<string>PBXSourcesBuildPhase</string>
			<key>runOnlyForDeploymentPostprocessing</key>
			<string>0</string>
		</dict>
		<key>23F8365F1739F92B0012E52F</key>
		<dict>
			<key>buildActionMask</key>
			<string>2147483647</string>
			<key>files</key>
			<array>
				<string>23F836BF1739FA3D0012E52F</string>
				<string>23F836BD1739FA340012E52F</string>
				<string>23F836B91739FA300012E52F</string>
				<string>23F836BA1739FA300012E52F</string>
				<string>23F836BB1739FA300012E52F</string>
				<string>23F836661739F92B0012E52F</string>
				<string>23F836A01739F9610012E52F</string>
				<string>EFB3617014164E3EA1341AC3</string>
			</array>
			<key>isa</key>
			<string>PBXFrameworksBuildPhase</string>
			<key>runOnlyForDeploymentPostprocessing</key>
			<string>0</string>
		</dict>
		<key>23F836601739F92B0012E52F</key>
		<dict>
			<key>buildActionMask</key>
			<string>2147483647</string>
			<key>files</key>
			<array>
				<string>23F836C01739FA500012E52F</string>
				<string>23F836701739F92B0012E52F</string>
				<string>23F836761739F92B0012E52F</string>
				<string>23F8367C1739F92B0012E52F</string>
			</array>
			<key>isa</key>
			<string>PBXResourcesBuildPhase</string>
			<key>runOnlyForDeploymentPostprocessing</key>
			<string>0</string>
		</dict>
		<key>23F836611739F92B0012E52F</key>
		<dict>
			<key>buildConfigurationList</key>
			<string>23F836931739F92D0012E52F</string>
			<key>buildPhases</key>
			<array>
				<string>D8914DBF14DD4DD4A9F79F21</string>
				<string>23F8365E1739F92B0012E52F</string>
				<string>23F8365F1739F92B0012E52F</string>
				<string>23F836601739F92B0012E52F</string>
				<string>23F836C21739FA5E0012E52F</string>
				<string>46EC45F287CA41CBAD8AD307</string>
			</array>
			<key>buildRules</key>
			<array/>
			<key>dependencies</key>
			<array/>
			<key>isa</key>
			<string>PBXNativeTarget</string>
			<key>name</key>
			<string>BreakOut</string>
			<key>productName</key>
			<string>BreakOut</string>
			<key>productReference</key>
			<string>23F836621739F92B0012E52F</string>
			<key>productType</key>
			<string>com.apple.product-type.application</string>
		</dict>
		<key>23F836621739F92B0012E52F</key>
		<dict>
			<key>explicitFileType</key>
			<string>wrapper.application</string>
			<key>includeInIndex</key>
			<string>0</string>
			<key>isa</key>
			<string>PBXFileReference</string>
			<key>path</key>
			<string>BreakOut.app</string>
			<key>sourceTree</key>
			<string>BUILT_PRODUCTS_DIR</string>
		</dict>
		<key>23F836631739F92B0012E52F</key>
		<dict>
			<key>children</key>
			<array>
				<string>23F836621739F92B0012E52F</string>
				<string>23F836821739F92D0012E52F</string>
			</array>
			<key>isa</key>
			<string>PBXGroup</string>
			<key>name</key>
			<string>Products</string>
			<key>sourceTree</key>
			<string>&lt;group&gt;</string>
		</dict>
		<key>23F836641739F92B0012E52F</key>
		<dict>
			<key>children</key>
			<array>
				<string>23F836BE1739FA3D0012E52F</string>
				<string>23F836BC1739FA340012E52F</string>
				<string>23F836B61739FA300012E52F</string>
				<string>23F836B71739FA300012E52F</string>
				<string>23F836B81739FA300012E52F</string>
				<string>23F836651739F92B0012E52F</string>
				<string>23F836831739F92D0012E52F</string>
				<string>23F836671739F92B0012E52F</string>
				<string>4A2EAC4C6A1A4ADCBB5800F5</string>
			</array>
			<key>isa</key>
			<string>PBXGroup</string>
			<key>name</key>
			<string>Frameworks</string>
			<key>sourceTree</key>
			<string>&lt;group&gt;</string>
		</dict>
		<key>23F836651739F92B0012E52F</key>
		<dict>
			<key>isa</key>
			<string>PBXFileReference</string>
			<key>lastKnownFileType</key>
			<string>wrapper.framework</string>
			<key>name</key>
			<string>Cocoa.framework</string>
			<key>path</key>
			<string>System/Library/Frameworks/Cocoa.framework</string>
			<key>sourceTree</key>
			<string>SDKROOT</string>
		</dict>
		<key>23F836661739F92B0012E52F</key>
		<dict>
			<key>fileRef</key>
			<string>23F836651739F92B0012E52F</string>
			<key>isa</key>
			<string>PBXBuildFile</string>
		</dict>
		<key>23F836671739F92B0012E52F</key>
		<dict>
			<key>children</key>
			<array>
				<string>23F836681739F92B0012E52F</string>
				<string>23F836691739F92B0012E52F</string>
				<string>23F8366A1739F92B0012E52F</string>
			</array>
			<key>isa</key>
			<string>PBXGroup</string>
			<key>name</key>
			<string>Other Frameworks</string>
			<key>sourceTree</key>
			<string>&lt;group&gt;</string>
		</dict>
		<key>23F836681739F92B0012E52F</key>
		<dict>
			<key>isa</key>
			<string>PBXFileReference</string>
			<key>lastKnownFileType</key>
			<string>wrapper.framework</string>
			<key>name</key>
			<string>AppKit.framework</string>
			<key>path</key>
			<string>System/Library/Frameworks/AppKit.framework</string>
			<key>sourceTree</key>
			<string>SDKROOT</string>
		</dict>
		<key>23F836691739F92B0012E52F</key>
		<dict>
			<key>isa</key>
			<string>PBXFileReference</string>
			<key>lastKnownFileType</key>
			<string>wrapper.framework</string>
			<key>name</key>
			<string>CoreData.framework</string>
			<key>path</key>
			<string>System/Library/Frameworks/CoreData.framework</string>
			<key>sourceTree</key>
			<string>SDKROOT</string>
		</dict>
		<key>23F8366A1739F92B0012E52F</key>
		<dict>
			<key>isa</key>
			<string>PBXFileReference</string>
			<key>lastKnownFileType</key>
			<string>wrapper.framework</string>
			<key>name</key>
			<string>Foundation.framework</string>
			<key>path</key>
			<string>System/Library/Frameworks/Foundation.framework</string>
			<key>sourceTree</key>
			<string>SDKROOT</string>
		</dict>
		<key>23F8366B1739F92B0012E52F</key>
		<dict>
			<key>children</key>
			<array>
				<string>23F836991739F9600012E52F</string>
				<string>23F8369A1739F9600012E52F</string>
				<string>23F8369B1739F9600012E52F</string>
				<string>23F8369C1739F9600012E52F</string>
				<string>23F8369D1739F9600012E52F</string>
				<string>23F836771739F92B0012E52F</string>
				<string>23F836781739F92B0012E52F</string>
				<string>23F8367A1739F92B0012E52F</string>
				<string>23F8366C1739F92B0012E52F</string>
			</array>
			<key>isa</key>
			<string>PBXGroup</string>
			<key>path</key>
			<string>BreakOut</string>
			<key>sourceTree</key>
			<string>&lt;group&gt;</string>
		</dict>
		<key>23F8366C1739F92B0012E52F</key>
		<dict>
			<key>children</key>
			<array>
				<string>23F8366D1739F92B0012E52F</string>
				<string>23F8366E1739F92B0012E52F</string>
				<string>23F836711739F92B0012E52F</string>
				<string>23F836731739F92B0012E52F</string>
				<string>23F836741739F92B0012E52F</string>
			</array>
			<key>isa</key>
			<string>PBXGroup</string>
			<key>name</key>
			<string>Supporting Files</string>
			<key>sourceTree</key>
			<string>&lt;group&gt;</string>
		</dict>
		<key>23F8366D1739F92B0012E52F</key>
		<dict>
			<key>isa</key>
			<string>PBXFileReference</string>
			<key>lastKnownFileType</key>
			<string>text.plist.xml</string>
			<key>path</key>
			<string>BreakOut-Info.plist</string>
			<key>sourceTree</key>
			<string>&lt;group&gt;</string>
		</dict>
		<key>23F8366E1739F92B0012E52F</key>
		<dict>
			<key>children</key>
			<array>
				<string>23F8366F1739F92B0012E52F</string>
			</array>
			<key>isa</key>
			<string>PBXVariantGroup</string>
			<key>name</key>
			<string>InfoPlist.strings</string>
			<key>sourceTree</key>
			<string>&lt;group&gt;</string>
		</dict>
		<key>23F8366F1739F92B0012E52F</key>
		<dict>
			<key>isa</key>
			<string>PBXFileReference</string>
			<key>lastKnownFileType</key>
			<string>text.plist.strings</string>
			<key>name</key>
			<string>en</string>
			<key>path</key>
			<string>en.lproj/InfoPlist.strings</string>
			<key>sourceTree</key>
			<string>&lt;group&gt;</string>
		</dict>
		<key>23F836701739F92B0012E52F</key>
		<dict>
			<key>fileRef</key>
			<string>23F8366E1739F92B0012E52F</string>
			<key>isa</key>
			<string>PBXBuildFile</string>
		</dict>
		<key>23F836711739F92B0012E52F</key>
		<dict>
			<key>isa</key>
			<string>PBXFileReference</string>
			<key>lastKnownFileType</key>
			<string>sourcecode.c.objc</string>
			<key>path</key>
			<string>main.m</string>
			<key>sourceTree</key>
			<string>&lt;group&gt;</string>
		</dict>
		<key>23F836721739F92B0012E52F</key>
		<dict>
			<key>fileRef</key>
			<string>23F836711739F92B0012E52F</string>
			<key>isa</key>
			<string>PBXBuildFile</string>
		</dict>
		<key>23F836731739F92B0012E52F</key>
		<dict>
			<key>isa</key>
			<string>PBXFileReference</string>
			<key>lastKnownFileType</key>
			<string>sourcecode.c.h</string>
			<key>path</key>
			<string>BreakOut-Prefix.pch</string>
			<key>sourceTree</key>
			<string>&lt;group&gt;</string>
		</dict>
		<key>23F836741739F92B0012E52F</key>
		<dict>
			<key>children</key>
			<array>
				<string>23F836751739F92B0012E52F</string>
			</array>
			<key>isa</key>
			<string>PBXVariantGroup</string>
			<key>name</key>
			<string>Credits.rtf</string>
			<key>sourceTree</key>
			<string>&lt;group&gt;</string>
		</dict>
		<key>23F836751739F92B0012E52F</key>
		<dict>
			<key>isa</key>
			<string>PBXFileReference</string>
			<key>lastKnownFileType</key>
			<string>text.rtf</string>
			<key>name</key>
			<string>en</string>
			<key>path</key>
			<string>en.lproj/Credits.rtf</string>
			<key>sourceTree</key>
			<string>&lt;group&gt;</string>
		</dict>
		<key>23F836761739F92B0012E52F</key>
		<dict>
			<key>fileRef</key>
			<string>23F836741739F92B0012E52F</string>
			<key>isa</key>
			<string>PBXBuildFile</string>
		</dict>
		<key>23F836771739F92B0012E52F</key>
		<dict>
			<key>isa</key>
			<string>PBXFileReference</string>
			<key>lastKnownFileType</key>
			<string>sourcecode.c.h</string>
			<key>path</key>
			<string>AppDelegate.h</string>
			<key>sourceTree</key>
			<string>&lt;group&gt;</string>
		</dict>
		<key>23F836781739F92B0012E52F</key>
		<dict>
			<key>isa</key>
			<string>PBXFileReference</string>
			<key>lastKnownFileType</key>
			<string>sourcecode.c.objc</string>
			<key>path</key>
			<string>AppDelegate.m</string>
			<key>sourceTree</key>
			<string>&lt;group&gt;</string>
		</dict>
		<key>23F836791739F92B0012E52F</key>
		<dict>
			<key>fileRef</key>
			<string>23F836781739F92B0012E52F</string>
			<key>isa</key>
			<string>PBXBuildFile</string>
		</dict>
		<key>23F8367A1739F92B0012E52F</key>
		<dict>
			<key>children</key>
			<array>
				<string>23F8367B1739F92B0012E52F</string>
			</array>
			<key>isa</key>
			<string>PBXVariantGroup</string>
			<key>name</key>
			<string>MainMenu.xib</string>
			<key>sourceTree</key>
			<string>&lt;group&gt;</string>
		</dict>
		<key>23F8367B1739F92B0012E52F</key>
		<dict>
			<key>isa</key>
			<string>PBXFileReference</string>
			<key>lastKnownFileType</key>
			<string>file.xib</string>
			<key>name</key>
			<string>en</string>
			<key>path</key>
			<string>en.lproj/MainMenu.xib</string>
			<key>sourceTree</key>
			<string>&lt;group&gt;</string>
		</dict>
		<key>23F8367C1739F92B0012E52F</key>
		<dict>
			<key>fileRef</key>
			<string>23F8367A1739F92B0012E52F</string>
			<key>isa</key>
			<string>PBXBuildFile</string>
		</dict>
		<key>23F8367D1739F92D0012E52F</key>
		<dict>
			<key>buildActionMask</key>
			<string>2147483647</string>
			<key>files</key>
			<array>
				<string>23F836901739F92D0012E52F</string>
				<string>23F8369F1739F9610012E52F</string>
			</array>
			<key>isa</key>
			<string>PBXSourcesBuildPhase</string>
			<key>runOnlyForDeploymentPostprocessing</key>
			<string>0</string>
		</dict>
		<key>23F8367E1739F92D0012E52F</key>
		<dict>
			<key>buildActionMask</key>
			<string>2147483647</string>
			<key>files</key>
			<array>
				<string>23F836841739F92D0012E52F</string>
				<string>23F836851739F92D0012E52F</string>
				<string>23F836A11739F9610012E52F</string>
			</array>
			<key>isa</key>
			<string>PBXFrameworksBuildPhase</string>
			<key>runOnlyForDeploymentPostprocessing</key>
			<string>0</string>
		</dict>
		<key>23F8367F1739F92D0012E52F</key>
		<dict>
			<key>buildActionMask</key>
			<string>2147483647</string>
			<key>files</key>
			<array>
				<string>23F8368D1739F92D0012E52F</string>
			</array>
			<key>isa</key>
			<string>PBXResourcesBuildPhase</string>
			<key>runOnlyForDeploymentPostprocessing</key>
			<string>0</string>
		</dict>
		<key>23F836801739F92D0012E52F</key>
		<dict>
			<key>buildActionMask</key>
			<string>2147483647</string>
			<key>files</key>
			<array/>
			<key>inputPaths</key>
			<array/>
			<key>isa</key>
			<string>PBXShellScriptBuildPhase</string>
			<key>outputPaths</key>
			<array/>
			<key>runOnlyForDeploymentPostprocessing</key>
			<string>0</string>
			<key>shellPath</key>
			<string>/bin/sh</string>
			<key>shellScript</key>
			<string># Run the unit tests in this test bundle.
"${SYSTEM_DEVELOPER_DIR}/Tools/RunUnitTests"
</string>
		</dict>
		<key>23F836811739F92D0012E52F</key>
		<dict>
			<key>buildConfigurationList</key>
			<string>23F836961739F92D0012E52F</string>
			<key>buildPhases</key>
			<array>
				<string>23F8367D1739F92D0012E52F</string>
				<string>23F8367E1739F92D0012E52F</string>
				<string>23F8367F1739F92D0012E52F</string>
				<string>23F836801739F92D0012E52F</string>
			</array>
			<key>buildRules</key>
			<array/>
			<key>dependencies</key>
			<array>
				<string>23F836871739F92D0012E52F</string>
			</array>
			<key>isa</key>
			<string>PBXNativeTarget</string>
			<key>name</key>
			<string>BreakOutTests</string>
			<key>productName</key>
			<string>BreakOutTests</string>
			<key>productReference</key>
			<string>23F836821739F92D0012E52F</string>
			<key>productType</key>
			<string>com.apple.product-type.bundle</string>
		</dict>
		<key>23F836821739F92D0012E52F</key>
		<dict>
			<key>explicitFileType</key>
			<string>wrapper.cfbundle</string>
			<key>includeInIndex</key>
			<string>0</string>
			<key>isa</key>
			<string>PBXFileReference</string>
			<key>path</key>
			<string>BreakOutTests.octest</string>
			<key>sourceTree</key>
			<string>BUILT_PRODUCTS_DIR</string>
		</dict>
		<key>23F836831739F92D0012E52F</key>
		<dict>
			<key>isa</key>
			<string>PBXFileReference</string>
			<key>lastKnownFileType</key>
			<string>wrapper.framework</string>
			<key>name</key>
			<string>SenTestingKit.framework</string>
			<key>path</key>
			<string>Library/Frameworks/SenTestingKit.framework</string>
			<key>sourceTree</key>
			<string>DEVELOPER_DIR</string>
		</dict>
		<key>23F836841739F92D0012E52F</key>
		<dict>
			<key>fileRef</key>
			<string>23F836831739F92D0012E52F</string>
			<key>isa</key>
			<string>PBXBuildFile</string>
		</dict>
		<key>23F836851739F92D0012E52F</key>
		<dict>
			<key>fileRef</key>
			<string>23F836651739F92B0012E52F</string>
			<key>isa</key>
			<string>PBXBuildFile</string>
		</dict>
		<key>23F836861739F92D0012E52F</key>
		<dict>
			<key>containerPortal</key>
			<string>23F8365A1739F92B0012E52F</string>
			<key>isa</key>
			<string>PBXContainerItemProxy</string>
			<key>proxyType</key>
			<string>1</string>
			<key>remoteGlobalIDString</key>
			<string>23F836611739F92B0012E52F</string>
			<key>remoteInfo</key>
			<string>BreakOut</string>
		</dict>
		<key>23F836871739F92D0012E52F</key>
		<dict>
			<key>isa</key>
			<string>PBXTargetDependency</string>
			<key>target</key>
			<string>23F836611739F92B0012E52F</string>
			<key>targetProxy</key>
			<string>23F836861739F92D0012E52F</string>
		</dict>
		<key>23F836881739F92D0012E52F</key>
		<dict>
			<key>children</key>
			<array>
				<string>23F8368E1739F92D0012E52F</string>
				<string>23F8368F1739F92D0012E52F</string>
				<string>23F836891739F92D0012E52F</string>
			</array>
			<key>isa</key>
			<string>PBXGroup</string>
			<key>path</key>
			<string>BreakOutTests</string>
			<key>sourceTree</key>
			<string>&lt;group&gt;</string>
		</dict>
		<key>23F836891739F92D0012E52F</key>
		<dict>
			<key>children</key>
			<array>
				<string>23F8368A1739F92D0012E52F</string>
				<string>23F8368B1739F92D0012E52F</string>
			</array>
			<key>isa</key>
			<string>PBXGroup</string>
			<key>name</key>
			<string>Supporting Files</string>
			<key>sourceTree</key>
			<string>&lt;group&gt;</string>
		</dict>
		<key>23F8368A1739F92D0012E52F</key>
		<dict>
			<key>isa</key>
			<string>PBXFileReference</string>
			<key>lastKnownFileType</key>
			<string>text.plist.xml</string>
			<key>path</key>
			<string>BreakOutTests-Info.plist</string>
			<key>sourceTree</key>
			<string>&lt;group&gt;</string>
		</dict>
		<key>23F8368B1739F92D0012E52F</key>
		<dict>
			<key>children</key>
			<array>
				<string>23F8368C1739F92D0012E52F</string>
			</array>
			<key>isa</key>
			<string>PBXVariantGroup</string>
			<key>name</key>
			<string>InfoPlist.strings</string>
			<key>sourceTree</key>
			<string>&lt;group&gt;</string>
		</dict>
		<key>23F8368C1739F92D0012E52F</key>
		<dict>
			<key>isa</key>
			<string>PBXFileReference</string>
			<key>lastKnownFileType</key>
			<string>text.plist.strings</string>
			<key>name</key>
			<string>en</string>
			<key>path</key>
			<string>en.lproj/InfoPlist.strings</string>
			<key>sourceTree</key>
			<string>&lt;group&gt;</string>
		</dict>
		<key>23F8368D1739F92D0012E52F</key>
		<dict>
			<key>fileRef</key>
			<string>23F8368B1739F92D0012E52F</string>
			<key>isa</key>
			<string>PBXBuildFile</string>
		</dict>
		<key>23F8368E1739F92D0012E52F</key>
		<dict>
			<key>isa</key>
			<string>PBXFileReference</string>
			<key>lastKnownFileType</key>
			<string>sourcecode.c.h</string>
			<key>path</key>
			<string>BreakOutTests.h</string>
			<key>sourceTree</key>
			<string>&lt;group&gt;</string>
		</dict>
		<key>23F8368F1739F92D0012E52F</key>
		<dict>
			<key>isa</key>
			<string>PBXFileReference</string>
			<key>lastKnownFileType</key>
			<string>sourcecode.c.objc</string>
			<key>path</key>
			<string>BreakOutTests.m</string>
			<key>sourceTree</key>
			<string>&lt;group&gt;</string>
		</dict>
		<key>23F836901739F92D0012E52F</key>
		<dict>
			<key>fileRef</key>
			<string>23F8368F1739F92D0012E52F</string>
			<key>isa</key>
			<string>PBXBuildFile</string>
		</dict>
		<key>23F836911739F92D0012E52F</key>
		<dict>
			<key>buildSettings</key>
			<dict>
				<key>ALWAYS_SEARCH_USER_PATHS</key>
				<string>NO</string>
				<key>ARCHS</key>
				<string>$(ARCHS_STANDARD_64_BIT)</string>
				<key>CLANG_CXX_LANGUAGE_STANDARD</key>
				<string>gnu++0x</string>
				<key>CLANG_CXX_LIBRARY</key>
				<string>libc++</string>
				<key>CLANG_ENABLE_OBJC_ARC</key>
				<string>YES</string>
				<key>CLANG_WARN_CONSTANT_CONVERSION</key>
				<string>YES</string>
				<key>CLANG_WARN_EMPTY_BODY</key>
				<string>YES</string>
				<key>CLANG_WARN_ENUM_CONVERSION</key>
				<string>YES</string>
				<key>CLANG_WARN_INT_CONVERSION</key>
				<string>YES</string>
				<key>CLANG_WARN__DUPLICATE_METHOD_MATCH</key>
				<string>YES</string>
				<key>COPY_PHASE_STRIP</key>
				<string>NO</string>
				<key>GCC_C_LANGUAGE_STANDARD</key>
				<string>gnu99</string>
				<key>GCC_DYNAMIC_NO_PIC</key>
				<string>NO</string>
				<key>GCC_ENABLE_OBJC_EXCEPTIONS</key>
				<string>YES</string>
				<key>GCC_OPTIMIZATION_LEVEL</key>
				<string>0</string>
				<key>GCC_PREPROCESSOR_DEFINITIONS</key>
				<array>
					<string>DEBUG=1</string>
					<string>$(inherited)</string>
				</array>
				<key>GCC_SYMBOLS_PRIVATE_EXTERN</key>
				<string>NO</string>
				<key>GCC_WARN_64_TO_32_BIT_CONVERSION</key>
				<string>YES</string>
				<key>GCC_WARN_ABOUT_RETURN_TYPE</key>
				<string>YES</string>
				<key>GCC_WARN_UNINITIALIZED_AUTOS</key>
				<string>YES</string>
				<key>GCC_WARN_UNUSED_VARIABLE</key>
				<string>YES</string>
				<key>MACOSX_DEPLOYMENT_TARGET</key>
				<string>10.7</string>
				<key>ONLY_ACTIVE_ARCH</key>
				<string>YES</string>
				<key>SDKROOT</key>
				<string>macosx</string>
			</dict>
			<key>isa</key>
			<string>XCBuildConfiguration</string>
			<key>name</key>
			<string>Debug</string>
		</dict>
		<key>23F836921739F92D0012E52F</key>
		<dict>
			<key>buildSettings</key>
			<dict>
				<key>ALWAYS_SEARCH_USER_PATHS</key>
				<string>NO</string>
				<key>ARCHS</key>
				<string>$(ARCHS_STANDARD_64_BIT)</string>
				<key>CLANG_CXX_LANGUAGE_STANDARD</key>
				<string>gnu++0x</string>
				<key>CLANG_CXX_LIBRARY</key>
				<string>libc++</string>
				<key>CLANG_ENABLE_OBJC_ARC</key>
				<string>YES</string>
				<key>CLANG_WARN_CONSTANT_CONVERSION</key>
				<string>YES</string>
				<key>CLANG_WARN_EMPTY_BODY</key>
				<string>YES</string>
				<key>CLANG_WARN_ENUM_CONVERSION</key>
				<string>YES</string>
				<key>CLANG_WARN_INT_CONVERSION</key>
				<string>YES</string>
				<key>CLANG_WARN__DUPLICATE_METHOD_MATCH</key>
				<string>YES</string>
				<key>COPY_PHASE_STRIP</key>
				<string>YES</string>
				<key>DEBUG_INFORMATION_FORMAT</key>
				<string>dwarf-with-dsym</string>
				<key>GCC_C_LANGUAGE_STANDARD</key>
				<string>gnu99</string>
				<key>GCC_ENABLE_OBJC_EXCEPTIONS</key>
				<string>YES</string>
				<key>GCC_WARN_64_TO_32_BIT_CONVERSION</key>
				<string>YES</string>
				<key>GCC_WARN_ABOUT_RETURN_TYPE</key>
				<string>YES</string>
				<key>GCC_WARN_UNINITIALIZED_AUTOS</key>
				<string>YES</string>
				<key>GCC_WARN_UNUSED_VARIABLE</key>
				<string>YES</string>
				<key>MACOSX_DEPLOYMENT_TARGET</key>
				<string>10.7</string>
				<key>SDKROOT</key>
				<string>macosx</string>
			</dict>
			<key>isa</key>
			<string>XCBuildConfiguration</string>
			<key>name</key>
			<string>Release</string>
		</dict>
		<key>23F836931739F92D0012E52F</key>
		<dict>
			<key>buildConfigurations</key>
			<array>
				<string>23F836941739F92D0012E52F</string>
				<string>23F836951739F92D0012E52F</string>
			</array>
			<key>defaultConfigurationIsVisible</key>
			<string>0</string>
			<key>isa</key>
			<string>XCConfigurationList</string>
		</dict>
		<key>23F836941739F92D0012E52F</key>
		<dict>
			<key>baseConfigurationReference</key>
			<string>39B83E7C2DCA4E4D9FDEB4A5</string>
			<key>buildSettings</key>
			<dict>
				<key>CLANG_CXX_LIBRARY</key>
				<string>libstdc++</string>
				<key>COMBINE_HIDPI_IMAGES</key>
				<string>YES</string>
				<key>GCC_OPTIMIZATION_LEVEL</key>
				<string>0</string>
				<key>GCC_PRECOMPILE_PREFIX_HEADER</key>
				<string>YES</string>
				<key>GCC_PREFIX_HEADER</key>
				<string>BreakOut/BreakOut-Prefix.pch</string>
				<key>INFOPLIST_FILE</key>
				<string>BreakOut/BreakOut-Info.plist</string>
				<key>LIBRARY_SEARCH_PATHS</key>
				<array>
					<string>$(inherited)</string>
					<string>"$(SRCROOT)/../libs/LeapSDK/lib"</string>
				</array>
				<key>PRODUCT_NAME</key>
				<string>$(TARGET_NAME)</string>
				<key>WRAPPER_EXTENSION</key>
				<string>app</string>
			</dict>
			<key>isa</key>
			<string>XCBuildConfiguration</string>
			<key>name</key>
			<string>Debug</string>
		</dict>
		<key>23F836951739F92D0012E52F</key>
		<dict>
			<key>baseConfigurationReference</key>
			<string>39B83E7C2DCA4E4D9FDEB4A5</string>
			<key>buildSettings</key>
			<dict>
				<key>CLANG_CXX_LIBRARY</key>
				<string>libstdc++</string>
				<key>COMBINE_HIDPI_IMAGES</key>
				<string>YES</string>
				<key>GCC_OPTIMIZATION_LEVEL</key>
				<string>0</string>
				<key>GCC_PRECOMPILE_PREFIX_HEADER</key>
				<string>YES</string>
				<key>GCC_PREFIX_HEADER</key>
				<string>BreakOut/BreakOut-Prefix.pch</string>
				<key>INFOPLIST_FILE</key>
				<string>BreakOut/BreakOut-Info.plist</string>
				<key>LIBRARY_SEARCH_PATHS</key>
				<array>
					<string>$(inherited)</string>
					<string>"$(SRCROOT)/../libs/LeapSDK/lib"</string>
				</array>
				<key>PRODUCT_NAME</key>
				<string>$(TARGET_NAME)</string>
				<key>WRAPPER_EXTENSION</key>
				<string>app</string>
			</dict>
			<key>isa</key>
			<string>XCBuildConfiguration</string>
			<key>name</key>
			<string>Release</string>
		</dict>
		<key>23F836961739F92D0012E52F</key>
		<dict>
			<key>buildConfigurations</key>
			<array>
				<string>23F836971739F92D0012E52F</string>
				<string>23F836981739F92D0012E52F</string>
			</array>
			<key>defaultConfigurationIsVisible</key>
			<string>0</string>
			<key>isa</key>
			<string>XCConfigurationList</string>
		</dict>
		<key>23F836971739F92D0012E52F</key>
		<dict>
			<key>buildSettings</key>
			<dict>
				<key>BUNDLE_LOADER</key>
				<string>$(BUILT_PRODUCTS_DIR)/BreakOut.app/Contents/MacOS/BreakOut</string>
				<key>COMBINE_HIDPI_IMAGES</key>
				<string>YES</string>
				<key>FRAMEWORK_SEARCH_PATHS</key>
				<string>"$(DEVELOPER_LIBRARY_DIR)/Frameworks"</string>
				<key>GCC_PRECOMPILE_PREFIX_HEADER</key>
				<string>YES</string>
				<key>GCC_PREFIX_HEADER</key>
				<string>BreakOut/BreakOut-Prefix.pch</string>
				<key>INFOPLIST_FILE</key>
				<string>BreakOutTests/BreakOutTests-Info.plist</string>
				<key>LIBRARY_SEARCH_PATHS</key>
				<array>
					<string>$(inherited)</string>
					<string>"$(SRCROOT)/../libs/LeapSDK/lib"</string>
				</array>
				<key>PRODUCT_NAME</key>
				<string>$(TARGET_NAME)</string>
				<key>TEST_HOST</key>
				<string>$(BUNDLE_LOADER)</string>
				<key>WRAPPER_EXTENSION</key>
				<string>octest</string>
			</dict>
			<key>isa</key>
			<string>XCBuildConfiguration</string>
			<key>name</key>
			<string>Debug</string>
		</dict>
		<key>23F836981739F92D0012E52F</key>
		<dict>
			<key>buildSettings</key>
			<dict>
				<key>BUNDLE_LOADER</key>
				<string>$(BUILT_PRODUCTS_DIR)/BreakOut.app/Contents/MacOS/BreakOut</string>
				<key>COMBINE_HIDPI_IMAGES</key>
				<string>YES</string>
				<key>FRAMEWORK_SEARCH_PATHS</key>
				<string>"$(DEVELOPER_LIBRARY_DIR)/Frameworks"</string>
				<key>GCC_PRECOMPILE_PREFIX_HEADER</key>
				<string>YES</string>
				<key>GCC_PREFIX_HEADER</key>
				<string>BreakOut/BreakOut-Prefix.pch</string>
				<key>INFOPLIST_FILE</key>
				<string>BreakOutTests/BreakOutTests-Info.plist</string>
				<key>LIBRARY_SEARCH_PATHS</key>
				<array>
					<string>$(inherited)</string>
					<string>"$(SRCROOT)/../libs/LeapSDK/lib"</string>
				</array>
				<key>PRODUCT_NAME</key>
				<string>$(TARGET_NAME)</string>
				<key>TEST_HOST</key>
				<string>$(BUNDLE_LOADER)</string>
				<key>WRAPPER_EXTENSION</key>
				<string>octest</string>
			</dict>
			<key>isa</key>
			<string>XCBuildConfiguration</string>
			<key>name</key>
			<string>Release</string>
		</dict>
		<key>23F836991739F9600012E52F</key>
		<dict>
			<key>fileEncoding</key>
			<string>4</string>
			<key>isa</key>
			<string>PBXFileReference</string>
			<key>lastKnownFileType</key>
			<string>sourcecode.c.h</string>
			<key>name</key>
			<string>Leap.h</string>
			<key>path</key>
			<string>../../libs/LeapSDK/include/Leap.h</string>
			<key>sourceTree</key>
			<string>&lt;group&gt;</string>
		</dict>
		<key>23F8369A1739F9600012E52F</key>
		<dict>
			<key>fileEncoding</key>
			<string>4</string>
			<key>isa</key>
			<string>PBXFileReference</string>
			<key>lastKnownFileType</key>
			<string>sourcecode.c.h</string>
			<key>name</key>
			<string>LeapMath.h</string>
			<key>path</key>
			<string>../../libs/LeapSDK/include/LeapMath.h</string>
			<key>sourceTree</key>
			<string>&lt;group&gt;</string>
		</dict>
		<key>23F8369B1739F9600012E52F</key>
		<dict>
			<key>fileEncoding</key>
			<string>4</string>
			<key>isa</key>
			<string>PBXFileReference</string>
			<key>lastKnownFileType</key>
			<string>sourcecode.c.h</string>
			<key>name</key>
			<string>LeapObjectiveC.h</string>
			<key>path</key>
			<string>../../libs/LeapSDK/include/LeapObjectiveC.h</string>
			<key>sourceTree</key>
			<string>&lt;group&gt;</string>
		</dict>
		<key>23F8369C1739F9600012E52F</key>
		<dict>
			<key>fileEncoding</key>
			<string>4</string>
			<key>isa</key>
			<string>PBXFileReference</string>
			<key>lastKnownFileType</key>
			<string>sourcecode.cpp.objcpp</string>
			<key>name</key>
			<string>LeapObjectiveC.mm</string>
			<key>path</key>
			<string>../../libs/LeapSDK/include/LeapObjectiveC.mm</string>
			<key>sourceTree</key>
			<string>&lt;group&gt;</string>
		</dict>
		<key>23F8369D1739F9600012E52F</key>
		<dict>
			<key>isa</key>
			<string>PBXFileReference</string>
			<key>lastKnownFileType</key>
			<string>compiled.mach-o.dylib</string>
			<key>name</key>
			<string>libLeap.dylib</string>
			<key>path</key>
			<string>../../libs/LeapSDK/lib/libLeap.dylib</string>
			<key>sourceTree</key>
			<string>&lt;group&gt;</string>
		</dict>
		<key>23F8369E1739F9610012E52F</key>
		<dict>
			<key>fileRef</key>
			<string>23F8369C1739F9600012E52F</string>
			<key>isa</key>
			<string>PBXBuildFile</string>
		</dict>
		<key>23F8369F1739F9610012E52F</key>
		<dict>
			<key>fileRef</key>
			<string>23F8369C1739F9600012E52F</string>
			<key>isa</key>
			<string>PBXBuildFile</string>
		</dict>
		<key>23F836A01739F9610012E52F</key>
		<dict>
			<key>fileRef</key>
			<string>23F8369D1739F9600012E52F</string>
			<key>isa</key>
			<string>PBXBuildFile</string>
		</dict>
		<key>23F836A11739F9610012E52F</key>
		<dict>
			<key>fileRef</key>
			<string>23F8369D1739F9600012E52F</string>
			<key>isa</key>
			<string>PBXBuildFile</string>
		</dict>
		<key>23F836B61739FA300012E52F</key>
		<dict>
			<key>isa</key>
			<string>PBXFileReference</string>
			<key>lastKnownFileType</key>
			<string>wrapper.framework</string>
			<key>name</key>
			<string>OpenAL.framework</string>
			<key>path</key>
			<string>System/Library/Frameworks/OpenAL.framework</string>
			<key>sourceTree</key>
			<string>SDKROOT</string>
		</dict>
		<key>23F836B71739FA300012E52F</key>
		<dict>
			<key>isa</key>
			<string>PBXFileReference</string>
			<key>lastKnownFileType</key>
			<string>wrapper.framework</string>
			<key>name</key>
			<string>OpenCL.framework</string>
			<key>path</key>
			<string>System/Library/Frameworks/OpenCL.framework</string>
			<key>sourceTree</key>
			<string>SDKROOT</string>
		</dict>
		<key>23F836B81739FA300012E52F</key>
		<dict>
			<key>isa</key>
			<string>PBXFileReference</string>
			<key>lastKnownFileType</key>
			<string>wrapper.framework</string>
			<key>name</key>
			<string>OpenGL.framework</string>
			<key>path</key>
			<string>System/Library/Frameworks/OpenGL.framework</string>
			<key>sourceTree</key>
			<string>SDKROOT</string>
		</dict>
		<key>23F836B91739FA300012E52F</key>
		<dict>
			<key>fileRef</key>
			<string>23F836B61739FA300012E52F</string>
			<key>isa</key>
			<string>PBXBuildFile</string>
		</dict>
		<key>23F836BA1739FA300012E52F</key>
		<dict>
			<key>fileRef</key>
			<string>23F836B71739FA300012E52F</string>
			<key>isa</key>
			<string>PBXBuildFile</string>
		</dict>
		<key>23F836BB1739FA300012E52F</key>
		<dict>
			<key>fileRef</key>
			<string>23F836B81739FA300012E52F</string>
			<key>isa</key>
			<string>PBXBuildFile</string>
		</dict>
		<key>23F836BC1739FA340012E52F</key>
		<dict>
			<key>isa</key>
			<string>PBXFileReference</string>
			<key>lastKnownFileType</key>
			<string>wrapper.framework</string>
			<key>name</key>
			<string>AudioToolbox.framework</string>
			<key>path</key>
			<string>System/Library/Frameworks/AudioToolbox.framework</string>
			<key>sourceTree</key>
			<string>SDKROOT</string>
		</dict>
		<key>23F836BD1739FA340012E52F</key>
		<dict>
			<key>fileRef</key>
			<string>23F836BC1739FA340012E52F</string>
			<key>isa</key>
			<string>PBXBuildFile</string>
		</dict>
		<key>23F836BE1739FA3D0012E52F</key>
		<dict>
			<key>isa</key>
			<string>PBXFileReference</string>
			<key>lastKnownFileType</key>
			<string>wrapper.framework</string>
			<key>name</key>
			<string>QuartzCore.framework</string>
			<key>path</key>
			<string>System/Library/Frameworks/QuartzCore.framework</string>
			<key>sourceTree</key>
			<string>SDKROOT</string>
		</dict>
		<key>23F836BF1739FA3D0012E52F</key>
		<dict>
			<key>fileRef</key>
			<string>23F836BE1739FA3D0012E52F</string>
			<key>isa</key>
			<string>PBXBuildFile</string>
		</dict>
		<key>23F836C01739FA500012E52F</key>
		<dict>
			<key>fileRef</key>
			<string>23F8369D1739F9600012E52F</string>
			<key>isa</key>
			<string>PBXBuildFile</string>
		</dict>
		<key>23F836C21739FA5E0012E52F</key>
		<dict>
			<key>buildActionMask</key>
			<string>2147483647</string>
			<key>files</key>
			<array/>
			<key>inputPaths</key>
			<array/>
			<key>isa</key>
			<string>PBXShellScriptBuildPhase</string>
			<key>outputPaths</key>
			<array/>
			<key>runOnlyForDeploymentPostprocessing</key>
			<string>0</string>
			<key>shellPath</key>
			<string>/bin/sh</string>
			<key>shellScript</key>
			<string># print some debug information
echo TARGET_BUILD_DIR=${TARGET_BUILD_DIR}
echo TARGET_NAME=${TARGET_NAME}
cd ${TARGET_BUILD_DIR}/${TARGET_NAME}.app/Contents/MacOS
ls -la
# then remap the loader path
install_name_tool -change @loader_path/libLeap.dylib @executable_path/../Resources/libLeap.dylib ${TARGET_NAME}</string>
		</dict>
		<key>39B83E7C2DCA4E4D9FDEB4A5</key>
		<dict>
			<key>includeInIndex</key>
			<string>1</string>
			<key>isa</key>
			<string>PBXFileReference</string>
			<key>lastKnownFileType</key>
			<string>text.xcconfig</string>
			<key>name</key>
			<string>Pods.xcconfig</string>
			<key>path</key>
			<string>Pods/Pods.xcconfig</string>
			<key>sourceTree</key>
			<string>SOURCE_ROOT</string>
		</dict>
		<key>46EC45F287CA41CBAD8AD307</key>
		<dict>
			<key>buildActionMask</key>
			<string>2147483647</string>
			<key>files</key>
			<array/>
			<key>inputPaths</key>
			<array/>
			<key>isa</key>
			<string>PBXShellScriptBuildPhase</string>
			<key>name</key>
			<string>Copy Pods Resources</string>
			<key>outputPaths</key>
			<array/>
			<key>runOnlyForDeploymentPostprocessing</key>
			<string>0</string>
			<key>shellPath</key>
			<string>/bin/sh</string>
			<key>shellScript</key>
			<string>"${SRCROOT}/Pods/Pods-resources.sh"
</string>
			<key>showEnvVarsInLog</key>
			<string>1</string>
		</dict>
		<key>4A2EAC4C6A1A4ADCBB5800F5</key>
		<dict>
			<key>explicitFileType</key>
			<string>archive.ar</string>
			<key>includeInIndex</key>
			<string>0</string>
			<key>isa</key>
			<string>PBXFileReference</string>
			<key>name</key>
			<string>libPods.a</string>
			<key>path</key>
			<string>libPods.a</string>
			<key>sourceTree</key>
			<string>BUILT_PRODUCTS_DIR</string>
		</dict>
		<key>D8914DBF14DD4DD4A9F79F21</key>
		<dict>
			<key>buildActionMask</key>
			<string>2147483647</string>
			<key>files</key>
			<array/>
			<key>inputPaths</key>
			<array/>
			<key>isa</key>
			<string>PBXShellScriptBuildPhase</string>
			<key>name</key>
			<string>Check Pods Manifest.lock</string>
			<key>outputPaths</key>
			<array/>
			<key>runOnlyForDeploymentPostprocessing</key>
			<string>0</string>
			<key>shellPath</key>
			<string>/bin/sh</string>
			<key>shellScript</key>
			<string>diff "${PODS_ROOT}/../Podfile.lock" "${PODS_ROOT}/Manifest.lock" &gt; /dev/null
if [[ $? != 0 ]] ; then
    cat &lt;&lt; EOM
error: The sandbox is not in sync with the Podfile.lock. Run 'pod install' or update your CocoaPods installation.
EOM
    exit 1
fi
</string>
			<key>showEnvVarsInLog</key>
			<string>1</string>
		</dict>
		<key>EFB3617014164E3EA1341AC3</key>
		<dict>
			<key>fileRef</key>
			<string>4A2EAC4C6A1A4ADCBB5800F5</string>
			<key>isa</key>
			<string>PBXBuildFile</string>
			<key>settings</key>
			<dict/>
		</dict>
	</dict>
	<key>rootObject</key>
	<string>23F8365A1739F92B0012E52F</string>
</dict>
</plist>
