// !$*UTF8*$!
{
	archiveVersion = 1;
	classes = {
	};
	objectVersion = 46;
	objects = {

/* Begin PBXBuildFile section */
		239B350D1739EDEE00CB0EC6 /* Cocoa.framework in Frameworks */ = {isa = PBXBuildFile; fileRef = 239B350C1739EDEE00CB0EC6 /* Cocoa.framework */; };
		239B35171739EDEE00CB0EC6 /* InfoPlist.strings in Resources */ = {isa = PBXBuildFile; fileRef = 239B35151739EDEE00CB0EC6 /* InfoPlist.strings */; };
		239B35191739EDEE00CB0EC6 /* main.m in Sources */ = {isa = PBXBuildFile; fileRef = 239B35181739EDEE00CB0EC6 /* main.m */; };
		239B351D1739EDEE00CB0EC6 /* Credits.rtf in Resources */ = {isa = PBXBuildFile; fileRef = 239B351B1739EDEE00CB0EC6 /* Credits.rtf */; };
		239B35201739EDEE00CB0EC6 /* AppDelegate.m in Sources */ = {isa = PBXBuildFile; fileRef = 239B351F1739EDEE00CB0EC6 /* AppDelegate.m */; };
		239B35231739EDEE00CB0EC6 /* MainMenu.xib in Resources */ = {isa = PBXBuildFile; fileRef = 239B35211739EDEE00CB0EC6 /* MainMenu.xib */; };
		239B352B1739EDEF00CB0EC6 /* SenTestingKit.framework in Frameworks */ = {isa = PBXBuildFile; fileRef = 239B352A1739EDEF00CB0EC6 /* SenTestingKit.framework */; };
		239B352C1739EDEF00CB0EC6 /* Cocoa.framework in Frameworks */ = {isa = PBXBuildFile; fileRef = 239B350C1739EDEE00CB0EC6 /* Cocoa.framework */; };
		239B35341739EDEF00CB0EC6 /* InfoPlist.strings in Resources */ = {isa = PBXBuildFile; fileRef = 239B35321739EDEF00CB0EC6 /* InfoPlist.strings */; };
		239B35371739EDEF00CB0EC6 /* LeapPaintTests.m in Sources */ = {isa = PBXBuildFile; fileRef = 239B35361739EDEF00CB0EC6 /* LeapPaintTests.m */; };
		239B35621739F10F00CB0EC6 /* LeapObjectiveC.mm in Sources */ = {isa = PBXBuildFile; fileRef = 239B35601739F10F00CB0EC6 /* LeapObjectiveC.mm */; };
		239B35631739F10F00CB0EC6 /* LeapObjectiveC.mm in Sources */ = {isa = PBXBuildFile; fileRef = 239B35601739F10F00CB0EC6 /* LeapObjectiveC.mm */; };
		239B35641739F10F00CB0EC6 /* libLeap.dylib in Frameworks */ = {isa = PBXBuildFile; fileRef = 239B35611739F10F00CB0EC6 /* libLeap.dylib */; };
		239B35651739F10F00CB0EC6 /* libLeap.dylib in Frameworks */ = {isa = PBXBuildFile; fileRef = 239B35611739F10F00CB0EC6 /* libLeap.dylib */; };
		23F8360D1739F7900012E52F /* libLeap.dylib in Resources */ = {isa = PBXBuildFile; fileRef = 239B35611739F10F00CB0EC6 /* libLeap.dylib */; };
		23F836101739F7AA0012E52F /* OpenCL.framework in Frameworks */ = {isa = PBXBuildFile; fileRef = 23F8360E1739F7A90012E52F /* OpenCL.framework */; };
		23F836111739F7AA0012E52F /* OpenGL.framework in Frameworks */ = {isa = PBXBuildFile; fileRef = 23F8360F1739F7A90012E52F /* OpenGL.framework */; };
		23F836131739F7CC0012E52F /* OpenAL.framework in Frameworks */ = {isa = PBXBuildFile; fileRef = 23F836121739F7CC0012E52F /* OpenAL.framework */; };
		23F836151739F7F20012E52F /* AudioToolbox.framework in Frameworks */ = {isa = PBXBuildFile; fileRef = 23F836141739F7F20012E52F /* AudioToolbox.framework */; };
		23F836171739F8110012E52F /* QuartzCore.framework in Frameworks */ = {isa = PBXBuildFile; fileRef = 23F836161739F8110012E52F /* QuartzCore.framework */; };
		A0E5B005A2A74EA09C5CA558 /* libPods.a in Frameworks */ = {isa = PBXBuildFile; fileRef = D87654AB17C94186AC1002F6 /* libPods.a */; };
/* End PBXBuildFile section */

/* Begin PBXContainerItemProxy section */
		239B352D1739EDEF00CB0EC6 /* PBXContainerItemProxy */ = {
			isa = PBXContainerItemProxy;
			containerPortal = 239B35011739EDEE00CB0EC6 /* Project object */;
			proxyType = 1;
			remoteGlobalIDString = 239B35081739EDEE00CB0EC6;
			remoteInfo = LeapPaint;
		};
/* End PBXContainerItemProxy section */

/* Begin PBXFileReference section */
		239B35091739EDEE00CB0EC6 /* LeapPaint.app */ = {isa = PBXFileReference; explicitFileType = wrapper.application; includeInIndex = 0; path = LeapPaint.app; sourceTree = BUILT_PRODUCTS_DIR; };
		239B350C1739EDEE00CB0EC6 /* Cocoa.framework */ = {isa = PBXFileReference; lastKnownFileType = wrapper.framework; name = Cocoa.framework; path = System/Library/Frameworks/Cocoa.framework; sourceTree = SDKROOT; };
		239B350F1739EDEE00CB0EC6 /* AppKit.framework */ = {isa = PBXFileReference; lastKnownFileType = wrapper.framework; name = AppKit.framework; path = System/Library/Frameworks/AppKit.framework; sourceTree = SDKROOT; };
		239B35101739EDEE00CB0EC6 /* CoreData.framework */ = {isa = PBXFileReference; lastKnownFileType = wrapper.framework; name = CoreData.framework; path = System/Library/Frameworks/CoreData.framework; sourceTree = SDKROOT; };
		239B35111739EDEE00CB0EC6 /* Foundation.framework */ = {isa = PBXFileReference; lastKnownFileType = wrapper.framework; name = Foundation.framework; path = System/Library/Frameworks/Foundation.framework; sourceTree = SDKROOT; };
		239B35141739EDEE00CB0EC6 /* LeapPaint-Info.plist */ = {isa = PBXFileReference; lastKnownFileType = text.plist.xml; path = "LeapPaint-Info.plist"; sourceTree = "<group>"; };
		239B35161739EDEE00CB0EC6 /* en */ = {isa = PBXFileReference; lastKnownFileType = text.plist.strings; name = en; path = en.lproj/InfoPlist.strings; sourceTree = "<group>"; };
		239B35181739EDEE00CB0EC6 /* main.m */ = {isa = PBXFileReference; lastKnownFileType = sourcecode.c.objc; path = main.m; sourceTree = "<group>"; };
		239B351A1739EDEE00CB0EC6 /* LeapPaint-Prefix.pch */ = {isa = PBXFileReference; lastKnownFileType = sourcecode.c.h; path = "LeapPaint-Prefix.pch"; sourceTree = "<group>"; };
		239B351C1739EDEE00CB0EC6 /* en */ = {isa = PBXFileReference; lastKnownFileType = text.rtf; name = en; path = en.lproj/Credits.rtf; sourceTree = "<group>"; };
		239B351E1739EDEE00CB0EC6 /* AppDelegate.h */ = {isa = PBXFileReference; lastKnownFileType = sourcecode.c.h; path = AppDelegate.h; sourceTree = "<group>"; };
		239B351F1739EDEE00CB0EC6 /* AppDelegate.m */ = {isa = PBXFileReference; lastKnownFileType = sourcecode.c.objc; path = AppDelegate.m; sourceTree = "<group>"; };
		239B35221739EDEE00CB0EC6 /* en */ = {isa = PBXFileReference; lastKnownFileType = file.xib; name = en; path = en.lproj/MainMenu.xib; sourceTree = "<group>"; };
		239B35291739EDEF00CB0EC6 /* LeapPaintTests.octest */ = {isa = PBXFileReference; explicitFileType = wrapper.cfbundle; includeInIndex = 0; path = LeapPaintTests.octest; sourceTree = BUILT_PRODUCTS_DIR; };
		239B352A1739EDEF00CB0EC6 /* SenTestingKit.framework */ = {isa = PBXFileReference; lastKnownFileType = wrapper.framework; name = SenTestingKit.framework; path = Library/Frameworks/SenTestingKit.framework; sourceTree = DEVELOPER_DIR; };
		239B35311739EDEF00CB0EC6 /* LeapPaintTests-Info.plist */ = {isa = PBXFileReference; lastKnownFileType = text.plist.xml; path = "LeapPaintTests-Info.plist"; sourceTree = "<group>"; };
		239B35331739EDEF00CB0EC6 /* en */ = {isa = PBXFileReference; lastKnownFileType = text.plist.strings; name = en; path = en.lproj/InfoPlist.strings; sourceTree = "<group>"; };
		239B35351739EDEF00CB0EC6 /* LeapPaintTests.h */ = {isa = PBXFileReference; lastKnownFileType = sourcecode.c.h; path = LeapPaintTests.h; sourceTree = "<group>"; };
		239B35361739EDEF00CB0EC6 /* LeapPaintTests.m */ = {isa = PBXFileReference; lastKnownFileType = sourcecode.c.objc; path = LeapPaintTests.m; sourceTree = "<group>"; };
		239B355D1739F10F00CB0EC6 /* Leap.h */ = {isa = PBXFileReference; fileEncoding = 4; lastKnownFileType = sourcecode.c.h; name = Leap.h; path = ../../libs/LeapSDK/include/Leap.h; sourceTree = "<group>"; };
		239B355E1739F10F00CB0EC6 /* LeapMath.h */ = {isa = PBXFileReference; fileEncoding = 4; lastKnownFileType = sourcecode.c.h; name = LeapMath.h; path = ../../libs/LeapSDK/include/LeapMath.h; sourceTree = "<group>"; };
		239B355F1739F10F00CB0EC6 /* LeapObjectiveC.h */ = {isa = PBXFileReference; fileEncoding = 4; lastKnownFileType = sourcecode.c.h; name = LeapObjectiveC.h; path = ../../libs/LeapSDK/include/LeapObjectiveC.h; sourceTree = "<group>"; };
		239B35601739F10F00CB0EC6 /* LeapObjectiveC.mm */ = {isa = PBXFileReference; fileEncoding = 4; lastKnownFileType = sourcecode.cpp.objcpp; name = LeapObjectiveC.mm; path = ../../libs/LeapSDK/include/LeapObjectiveC.mm; sourceTree = "<group>"; };
		239B35611739F10F00CB0EC6 /* libLeap.dylib */ = {isa = PBXFileReference; lastKnownFileType = "compiled.mach-o.dylib"; name = libLeap.dylib; path = ../../libs/LeapSDK/lib/libLeap.dylib; sourceTree = "<group>"; };
		23F8360E1739F7A90012E52F /* OpenCL.framework */ = {isa = PBXFileReference; lastKnownFileType = wrapper.framework; name = OpenCL.framework; path = /System/Library/Frameworks/OpenCL.framework; sourceTree = "<absolute>"; };
		23F8360F1739F7A90012E52F /* OpenGL.framework */ = {isa = PBXFileReference; lastKnownFileType = wrapper.framework; name = OpenGL.framework; path = /System/Library/Frameworks/OpenGL.framework; sourceTree = "<absolute>"; };
		23F836121739F7CC0012E52F /* OpenAL.framework */ = {isa = PBXFileReference; lastKnownFileType = wrapper.framework; name = OpenAL.framework; path = /System/Library/Frameworks/OpenAL.framework; sourceTree = "<absolute>"; };
		23F836141739F7F20012E52F /* AudioToolbox.framework */ = {isa = PBXFileReference; lastKnownFileType = wrapper.framework; name = AudioToolbox.framework; path = /System/Library/Frameworks/AudioToolbox.framework; sourceTree = "<absolute>"; };
		23F836161739F8110012E52F /* QuartzCore.framework */ = {isa = PBXFileReference; lastKnownFileType = wrapper.framework; name = QuartzCore.framework; path = /System/Library/Frameworks/QuartzCore.framework; sourceTree = "<absolute>"; };
		3629EDE3E62F4CFD9486AB6C /* Pods.xcconfig */ = {isa = PBXFileReference; includeInIndex = 1; lastKnownFileType = text.xcconfig; name = Pods.xcconfig; path = Pods/Pods.xcconfig; sourceTree = SOURCE_ROOT; };
		D87654AB17C94186AC1002F6 /* libPods.a */ = {isa = PBXFileReference; explicitFileType = archive.ar; includeInIndex = 0; path = libPods.a; sourceTree = BUILT_PRODUCTS_DIR; };
/* End PBXFileReference section */

/* Begin PBXFrameworksBuildPhase section */
		239B35061739EDEE00CB0EC6 /* Frameworks */ = {
			isa = PBXFrameworksBuildPhase;
			buildActionMask = 2147483647;
			files = (
				23F836171739F8110012E52F /* QuartzCore.framework in Frameworks */,
				23F836151739F7F20012E52F /* AudioToolbox.framework in Frameworks */,
				23F836131739F7CC0012E52F /* OpenAL.framework in Frameworks */,
				23F836101739F7AA0012E52F /* OpenCL.framework in Frameworks */,
				23F836111739F7AA0012E52F /* OpenGL.framework in Frameworks */,
				239B350D1739EDEE00CB0EC6 /* Cocoa.framework in Frameworks */,
				239B35641739F10F00CB0EC6 /* libLeap.dylib in Frameworks */,
				A0E5B005A2A74EA09C5CA558 /* libPods.a in Frameworks */,
			);
			runOnlyForDeploymentPostprocessing = 0;
		};
		239B35251739EDEF00CB0EC6 /* Frameworks */ = {
			isa = PBXFrameworksBuildPhase;
			buildActionMask = 2147483647;
			files = (
				239B352B1739EDEF00CB0EC6 /* SenTestingKit.framework in Frameworks */,
				239B352C1739EDEF00CB0EC6 /* Cocoa.framework in Frameworks */,
				239B35651739F10F00CB0EC6 /* libLeap.dylib in Frameworks */,
			);
			runOnlyForDeploymentPostprocessing = 0;
		};
/* End PBXFrameworksBuildPhase section */

/* Begin PBXGroup section */
		239B35001739EDEE00CB0EC6 = {
			isa = PBXGroup;
			children = (
				239B35121739EDEE00CB0EC6 /* LeapPaint */,
				239B352F1739EDEF00CB0EC6 /* LeapPaintTests */,
				239B350B1739EDEE00CB0EC6 /* Frameworks */,
				239B350A1739EDEE00CB0EC6 /* Products */,
				3629EDE3E62F4CFD9486AB6C /* Pods.xcconfig */,
			);
			sourceTree = "<group>";
		};
		239B350A1739EDEE00CB0EC6 /* Products */ = {
			isa = PBXGroup;
			children = (
				239B35091739EDEE00CB0EC6 /* LeapPaint.app */,
				239B35291739EDEF00CB0EC6 /* LeapPaintTests.octest */,
			);
			name = Products;
			sourceTree = "<group>";
		};
		239B350B1739EDEE00CB0EC6 /* Frameworks */ = {
			isa = PBXGroup;
			children = (
				23F836161739F8110012E52F /* QuartzCore.framework */,
				23F836141739F7F20012E52F /* AudioToolbox.framework */,
				23F836121739F7CC0012E52F /* OpenAL.framework */,
				23F8360E1739F7A90012E52F /* OpenCL.framework */,
				23F8360F1739F7A90012E52F /* OpenGL.framework */,
				239B350C1739EDEE00CB0EC6 /* Cocoa.framework */,
				239B352A1739EDEF00CB0EC6 /* SenTestingKit.framework */,
				239B350E1739EDEE00CB0EC6 /* Other Frameworks */,
				D87654AB17C94186AC1002F6 /* libPods.a */,
			);
			name = Frameworks;
			sourceTree = "<group>";
		};
		239B350E1739EDEE00CB0EC6 /* Other Frameworks */ = {
			isa = PBXGroup;
			children = (
				239B350F1739EDEE00CB0EC6 /* AppKit.framework */,
				239B35101739EDEE00CB0EC6 /* CoreData.framework */,
				239B35111739EDEE00CB0EC6 /* Foundation.framework */,
			);
			name = "Other Frameworks";
			sourceTree = "<group>";
		};
		239B35121739EDEE00CB0EC6 /* LeapPaint */ = {
			isa = PBXGroup;
			children = (
				239B355D1739F10F00CB0EC6 /* Leap.h */,
				239B355E1739F10F00CB0EC6 /* LeapMath.h */,
				239B355F1739F10F00CB0EC6 /* LeapObjectiveC.h */,
				239B35601739F10F00CB0EC6 /* LeapObjectiveC.mm */,
				239B35611739F10F00CB0EC6 /* libLeap.dylib */,
				239B351E1739EDEE00CB0EC6 /* AppDelegate.h */,
				239B351F1739EDEE00CB0EC6 /* AppDelegate.m */,
				239B35211739EDEE00CB0EC6 /* MainMenu.xib */,
				239B35131739EDEE00CB0EC6 /* Supporting Files */,
			);
			path = LeapPaint;
			sourceTree = "<group>";
		};
		239B35131739EDEE00CB0EC6 /* Supporting Files */ = {
			isa = PBXGroup;
			children = (
				239B35141739EDEE00CB0EC6 /* LeapPaint-Info.plist */,
				239B35151739EDEE00CB0EC6 /* InfoPlist.strings */,
				239B35181739EDEE00CB0EC6 /* main.m */,
				239B351A1739EDEE00CB0EC6 /* LeapPaint-Prefix.pch */,
				239B351B1739EDEE00CB0EC6 /* Credits.rtf */,
			);
			name = "Supporting Files";
			sourceTree = "<group>";
		};
		239B352F1739EDEF00CB0EC6 /* LeapPaintTests */ = {
			isa = PBXGroup;
			children = (
				239B35351739EDEF00CB0EC6 /* LeapPaintTests.h */,
				239B35361739EDEF00CB0EC6 /* LeapPaintTests.m */,
				239B35301739EDEF00CB0EC6 /* Supporting Files */,
			);
			path = LeapPaintTests;
			sourceTree = "<group>";
		};
		239B35301739EDEF00CB0EC6 /* Supporting Files */ = {
			isa = PBXGroup;
			children = (
				239B35311739EDEF00CB0EC6 /* LeapPaintTests-Info.plist */,
				239B35321739EDEF00CB0EC6 /* InfoPlist.strings */,
			);
			name = "Supporting Files";
			sourceTree = "<group>";
		};
/* End PBXGroup section */

/* Begin PBXNativeTarget section */
		239B35081739EDEE00CB0EC6 /* LeapPaint */ = {
			isa = PBXNativeTarget;
			buildConfigurationList = 239B353A1739EDEF00CB0EC6 /* Build configuration list for PBXNativeTarget "LeapPaint" */;
			buildPhases = (
				AC9F117018F74671A9F6D61F /* Check Pods Manifest.lock */,
				239B35051739EDEE00CB0EC6 /* Sources */,
				239B35061739EDEE00CB0EC6 /* Frameworks */,
				239B35071739EDEE00CB0EC6 /* Resources */,
				95F2C79DD4AC432BBC5E9257 /* Copy Pods Resources */,
			);
			buildRules = (
			);
			dependencies = (
			);
			name = LeapPaint;
			productName = LeapPaint;
			productReference = 239B35091739EDEE00CB0EC6 /* LeapPaint.app */;
			productType = "com.apple.product-type.application";
		};
		239B35281739EDEF00CB0EC6 /* LeapPaintTests */ = {
			isa = PBXNativeTarget;
			buildConfigurationList = 239B353D1739EDEF00CB0EC6 /* Build configuration list for PBXNativeTarget "LeapPaintTests" */;
			buildPhases = (
				239B35241739EDEF00CB0EC6 /* Sources */,
				239B35251739EDEF00CB0EC6 /* Frameworks */,
				239B35261739EDEF00CB0EC6 /* Resources */,
				239B35271739EDEF00CB0EC6 /* ShellScript */,
				239B354A1739EFAC00CB0EC6 /* ShellScript */,
			);
			buildRules = (
			);
			dependencies = (
				239B352E1739EDEF00CB0EC6 /* PBXTargetDependency */,
			);
			name = LeapPaintTests;
			productName = LeapPaintTests;
			productReference = 239B35291739EDEF00CB0EC6 /* LeapPaintTests.octest */;
			productType = "com.apple.product-type.bundle";
		};
/* End PBXNativeTarget section */

/* Begin PBXProject section */
		239B35011739EDEE00CB0EC6 /* Project object */ = {
			isa = PBXProject;
			attributes = {
				LastUpgradeCheck = 0460;
				ORGANIZATIONNAME = cjdesch;
			};
			buildConfigurationList = 239B35041739EDEE00CB0EC6 /* Build configuration list for PBXProject "LeapPaint" */;
			compatibilityVersion = "Xcode 3.2";
			developmentRegion = English;
			hasScannedForEncodings = 0;
			knownRegions = (
				en,
			);
			mainGroup = 239B35001739EDEE00CB0EC6;
			productRefGroup = 239B350A1739EDEE00CB0EC6 /* Products */;
			projectDirPath = "";
			projectRoot = "";
			targets = (
				239B35081739EDEE00CB0EC6 /* LeapPaint */,
				239B35281739EDEF00CB0EC6 /* LeapPaintTests */,
			);
		};
/* End PBXProject section */

/* Begin PBXResourcesBuildPhase section */
		239B35071739EDEE00CB0EC6 /* Resources */ = {
			isa = PBXResourcesBuildPhase;
			buildActionMask = 2147483647;
			files = (
				23F8360D1739F7900012E52F /* libLeap.dylib in Resources */,
				239B35171739EDEE00CB0EC6 /* InfoPlist.strings in Resources */,
				239B351D1739EDEE00CB0EC6 /* Credits.rtf in Resources */,
				239B35231739EDEE00CB0EC6 /* MainMenu.xib in Resources */,
			);
			runOnlyForDeploymentPostprocessing = 0;
		};
		239B35261739EDEF00CB0EC6 /* Resources */ = {
			isa = PBXResourcesBuildPhase;
			buildActionMask = 2147483647;
			files = (
				239B35341739EDEF00CB0EC6 /* InfoPlist.strings in Resources */,
			);
			runOnlyForDeploymentPostprocessing = 0;
		};
/* End PBXResourcesBuildPhase section */

/* Begin PBXShellScriptBuildPhase section */
		239B35271739EDEF00CB0EC6 /* ShellScript */ = {
			isa = PBXShellScriptBuildPhase;
			buildActionMask = 2147483647;
			files = (
			);
			inputPaths = (
			);
			outputPaths = (
			);
			runOnlyForDeploymentPostprocessing = 0;
			shellPath = /bin/sh;
			shellScript = "# Run the unit tests in this test bundle.\n\"${SYSTEM_DEVELOPER_DIR}/Tools/RunUnitTests\"\n";
		};
		239B354A1739EFAC00CB0EC6 /* ShellScript */ = {
			isa = PBXShellScriptBuildPhase;
			buildActionMask = 2147483647;
			files = (
			);
			inputPaths = (
			);
			outputPaths = (
			);
			runOnlyForDeploymentPostprocessing = 0;
			shellPath = /bin/sh;
			shellScript = "# print some debug information\necho TARGET_BUILD_DIR=${TARGET_BUILD_DIR}\necho TARGET_NAME=${TARGET_NAME}\ncd ${TARGET_BUILD_DIR}/${TARGET_NAME}.app/Contents/MacOS\nls -la\n# then remap the loader path\ninstall_name_tool -change @loader_path/libLeap.dylib @executable_path/../Resources/libLeap.dylib ${TARGET_NAME}\n";
		};
		95F2C79DD4AC432BBC5E9257 /* Copy Pods Resources */ = {
			isa = PBXShellScriptBuildPhase;
			buildActionMask = 2147483647;
			files = (
			);
			inputPaths = (
			);
			name = "Copy Pods Resources";
			outputPaths = (
			);
			runOnlyForDeploymentPostprocessing = 0;
			shellPath = /bin/sh;
			shellScript = "\"${SRCROOT}/Pods/Pods-resources.sh\"\n";
		};
		AC9F117018F74671A9F6D61F /* Check Pods Manifest.lock */ = {
			isa = PBXShellScriptBuildPhase;
			buildActionMask = 2147483647;
			files = (
			);
			inputPaths = (
			);
			name = "Check Pods Manifest.lock";
			outputPaths = (
			);
			runOnlyForDeploymentPostprocessing = 0;
			shellPath = /bin/sh;
			shellScript = "diff \"${PODS_ROOT}/../Podfile.lock\" \"${PODS_ROOT}/Manifest.lock\" > /dev/null\nif [[ $? != 0 ]] ; then\n    cat << EOM\nerror: The sandbox is not in sync with the Podfile.lock. Run 'pod install' or update your CocoaPods installation.\nEOM\n    exit 1\nfi\n";
		};
/* End PBXShellScriptBuildPhase section */

/* Begin PBXSourcesBuildPhase section */
		239B35051739EDEE00CB0EC6 /* Sources */ = {
			isa = PBXSourcesBuildPhase;
			buildActionMask = 2147483647;
			files = (
				239B35191739EDEE00CB0EC6 /* main.m in Sources */,
				239B35201739EDEE00CB0EC6 /* AppDelegate.m in Sources */,
				239B35621739F10F00CB0EC6 /* LeapObjectiveC.mm in Sources */,
			);
			runOnlyForDeploymentPostprocessing = 0;
		};
		239B35241739EDEF00CB0EC6 /* Sources */ = {
			isa = PBXSourcesBuildPhase;
			buildActionMask = 2147483647;
			files = (
				239B35371739EDEF00CB0EC6 /* LeapPaintTests.m in Sources */,
				239B35631739F10F00CB0EC6 /* LeapObjectiveC.mm in Sources */,
			);
			runOnlyForDeploymentPostprocessing = 0;
		};
/* End PBXSourcesBuildPhase section */

/* Begin PBXTargetDependency section */
		239B352E1739EDEF00CB0EC6 /* PBXTargetDependency */ = {
			isa = PBXTargetDependency;
			target = 239B35081739EDEE00CB0EC6 /* LeapPaint */;
			targetProxy = 239B352D1739EDEF00CB0EC6 /* PBXContainerItemProxy */;
		};
/* End PBXTargetDependency section */

/* Begin PBXVariantGroup section */
		239B35151739EDEE00CB0EC6 /* InfoPlist.strings */ = {
			isa = PBXVariantGroup;
			children = (
				239B35161739EDEE00CB0EC6 /* en */,
			);
			name = InfoPlist.strings;
			sourceTree = "<group>";
		};
		239B351B1739EDEE00CB0EC6 /* Credits.rtf */ = {
			isa = PBXVariantGroup;
			children = (
				239B351C1739EDEE00CB0EC6 /* en */,
			);
			name = Credits.rtf;
			sourceTree = "<group>";
		};
		239B35211739EDEE00CB0EC6 /* MainMenu.xib */ = {
			isa = PBXVariantGroup;
			children = (
				239B35221739EDEE00CB0EC6 /* en */,
			);
			name = MainMenu.xib;
			sourceTree = "<group>";
		};
		239B35321739EDEF00CB0EC6 /* InfoPlist.strings */ = {
			isa = PBXVariantGroup;
			children = (
				239B35331739EDEF00CB0EC6 /* en */,
			);
			name = InfoPlist.strings;
			sourceTree = "<group>";
		};
/* End PBXVariantGroup section */

/* Begin XCBuildConfiguration section */
		239B35381739EDEF00CB0EC6 /* Debug */ = {
			isa = XCBuildConfiguration;
			buildSettings = {
				ALWAYS_SEARCH_USER_PATHS = NO;
				ARCHS = "$(ARCHS_STANDARD_64_BIT)";
				CLANG_CXX_LANGUAGE_STANDARD = "gnu++0x";
				CLANG_CXX_LIBRARY = "libc++";
				CLANG_ENABLE_OBJC_ARC = YES;
				CLANG_WARN_CONSTANT_CONVERSION = YES;
				CLANG_WARN_EMPTY_BODY = YES;
				CLANG_WARN_ENUM_CONVERSION = YES;
				CLANG_WARN_INT_CONVERSION = YES;
				CLANG_WARN__DUPLICATE_METHOD_MATCH = YES;
				COPY_PHASE_STRIP = NO;
				GCC_C_LANGUAGE_STANDARD = gnu99;
				GCC_DYNAMIC_NO_PIC = NO;
				GCC_ENABLE_OBJC_EXCEPTIONS = YES;
				GCC_OPTIMIZATION_LEVEL = 0;
				GCC_PREPROCESSOR_DEFINITIONS = (
					"DEBUG=1",
					"$(inherited)",
				);
				GCC_SYMBOLS_PRIVATE_EXTERN = NO;
				GCC_WARN_64_TO_32_BIT_CONVERSION = YES;
				GCC_WARN_ABOUT_RETURN_TYPE = YES;
				GCC_WARN_UNINITIALIZED_AUTOS = YES;
				GCC_WARN_UNUSED_VARIABLE = YES;
				MACOSX_DEPLOYMENT_TARGET = 10.7;
				ONLY_ACTIVE_ARCH = YES;
				SDKROOT = macosx;
			};
			name = Debug;
		};
		239B35391739EDEF00CB0EC6 /* Release */ = {
			isa = XCBuildConfiguration;
			buildSettings = {
				ALWAYS_SEARCH_USER_PATHS = NO;
				ARCHS = "$(ARCHS_STANDARD_64_BIT)";
				CLANG_CXX_LANGUAGE_STANDARD = "gnu++0x";
				CLANG_CXX_LIBRARY = "libc++";
				CLANG_ENABLE_OBJC_ARC = YES;
				CLANG_WARN_CONSTANT_CONVERSION = YES;
				CLANG_WARN_EMPTY_BODY = YES;
				CLANG_WARN_ENUM_CONVERSION = YES;
				CLANG_WARN_INT_CONVERSION = YES;
				CLANG_WARN__DUPLICATE_METHOD_MATCH = YES;
				COPY_PHASE_STRIP = YES;
				DEBUG_INFORMATION_FORMAT = "dwarf-with-dsym";
				GCC_C_LANGUAGE_STANDARD = gnu99;
				GCC_ENABLE_OBJC_EXCEPTIONS = YES;
				GCC_WARN_64_TO_32_BIT_CONVERSION = YES;
				GCC_WARN_ABOUT_RETURN_TYPE = YES;
				GCC_WARN_UNINITIALIZED_AUTOS = YES;
				GCC_WARN_UNUSED_VARIABLE = YES;
				MACOSX_DEPLOYMENT_TARGET = 10.7;
				SDKROOT = macosx;
			};
			name = Release;
		};
		239B353B1739EDEF00CB0EC6 /* Debug */ = {
			isa = XCBuildConfiguration;
			baseConfigurationReference = 3629EDE3E62F4CFD9486AB6C /* Pods.xcconfig */;
			buildSettings = {
				CLANG_CXX_LIBRARY = "libstdc++";
				COMBINE_HIDPI_IMAGES = YES;
				GCC_OPTIMIZATION_LEVEL = 0;
				GCC_PRECOMPILE_PREFIX_HEADER = YES;
				GCC_PREFIX_HEADER = "LeapPaint/LeapPaint-Prefix.pch";
				INFOPLIST_FILE = "LeapPaint/LeapPaint-Info.plist";
				LIBRARY_SEARCH_PATHS = (
					"$(inherited)",
					"\"$(SRCROOT)/../libs/LeapSDK/lib\"",
					"\"$(SRCROOT)\"",
				);
				OTHER_LDFLAGS = (
					"-lz",
					"-ObjC",
				);
				PRODUCT_NAME = "$(TARGET_NAME)";
				SDKROOT = "";
				WRAPPER_EXTENSION = app;
			};
			name = Debug;
		};
		239B353C1739EDEF00CB0EC6 /* Release */ = {
			isa = XCBuildConfiguration;
			baseConfigurationReference = 3629EDE3E62F4CFD9486AB6C /* Pods.xcconfig */;
			buildSettings = {
				CLANG_CXX_LIBRARY = "libstdc++";
				COMBINE_HIDPI_IMAGES = YES;
				GCC_OPTIMIZATION_LEVEL = 0;
				GCC_PRECOMPILE_PREFIX_HEADER = YES;
				GCC_PREFIX_HEADER = "LeapPaint/LeapPaint-Prefix.pch";
				INFOPLIST_FILE = "LeapPaint/LeapPaint-Info.plist";
				LIBRARY_SEARCH_PATHS = (
					"$(inherited)",
					"\"$(SRCROOT)/../libs/LeapSDK/lib\"",
					"\"$(SRCROOT)\"",
				);
				OTHER_LDFLAGS = (
					"-lz",
					"-ObjC",
				);
				PRODUCT_NAME = "$(TARGET_NAME)";
				SDKROOT = "";
				WRAPPER_EXTENSION = app;
			};
			name = Release;
		};
		239B353E1739EDEF00CB0EC6 /* Debug */ = {
			isa = XCBuildConfiguration;
			buildSettings = {
				BUNDLE_LOADER = "$(BUILT_PRODUCTS_DIR)/LeapPaint.app/Contents/MacOS/LeapPaint";
				CLANG_CXX_LIBRARY = "libstdc++";
				COMBINE_HIDPI_IMAGES = YES;
				FRAMEWORK_SEARCH_PATHS = "\"$(DEVELOPER_LIBRARY_DIR)/Frameworks\"";
				GCC_PRECOMPILE_PREFIX_HEADER = YES;
				GCC_PREFIX_HEADER = "LeapPaint/LeapPaint-Prefix.pch";
				HEADER_SEARCH_PATHS = "\"$(SRCROOT)/../libs/LeapSDK/include/\"";
				INFOPLIST_FILE = "LeapPaintTests/LeapPaintTests-Info.plist";
				LIBRARY_SEARCH_PATHS = (
					"\"$(SRCROOT)/../libs/LeapSDK/lib/\"",
					"\"$(SRCROOT)\"",
				);
				PRODUCT_NAME = "$(TARGET_NAME)";
				TEST_HOST = "$(BUNDLE_LOADER)";
				WRAPPER_EXTENSION = octest;
			};
			name = Debug;
		};
		239B353F1739EDEF00CB0EC6 /* Release */ = {
			isa = XCBuildConfiguration;
			buildSettings = {
				BUNDLE_LOADER = "$(BUILT_PRODUCTS_DIR)/LeapPaint.app/Contents/MacOS/LeapPaint";
				CLANG_CXX_LIBRARY = "libstdc++";
				COMBINE_HIDPI_IMAGES = YES;
				FRAMEWORK_SEARCH_PATHS = "\"$(DEVELOPER_LIBRARY_DIR)/Frameworks\"";
				GCC_PRECOMPILE_PREFIX_HEADER = YES;
				GCC_PREFIX_HEADER = "LeapPaint/LeapPaint-Prefix.pch";
				HEADER_SEARCH_PATHS = "\"$(SRCROOT)/../libs/LeapSDK/include/\"";
				INFOPLIST_FILE = "LeapPaintTests/LeapPaintTests-Info.plist";
				LIBRARY_SEARCH_PATHS = (
					"\"$(SRCROOT)/../libs/LeapSDK/lib/\"",
					"\"$(SRCROOT)\"",
				);
				PRODUCT_NAME = "$(TARGET_NAME)";
				TEST_HOST = "$(BUNDLE_LOADER)";
				WRAPPER_EXTENSION = octest;
			};
			name = Release;
		};
/* End XCBuildConfiguration section */

/* Begin XCConfigurationList section */
		239B35041739EDEE00CB0EC6 /* Build configuration list for PBXProject "LeapPaint" */ = {
			isa = XCConfigurationList;
			buildConfigurations = (
				239B35381739EDEF00CB0EC6 /* Debug */,
				239B35391739EDEF00CB0EC6 /* Release */,
			);
			defaultConfigurationIsVisible = 0;
			defaultConfigurationName = Release;
		};
		239B353A1739EDEF00CB0EC6 /* Build configuration list for PBXNativeTarget "LeapPaint" */ = {
			isa = XCConfigurationList;
			buildConfigurations = (
				239B353B1739EDEF00CB0EC6 /* Debug */,
				239B353C1739EDEF00CB0EC6 /* Release */,
			);
			defaultConfigurationIsVisible = 0;
			defaultConfigurationName = Release;
		};
		239B353D1739EDEF00CB0EC6 /* Build configuration list for PBXNativeTarget "LeapPaintTests" */ = {
			isa = XCConfigurationList;
			buildConfigurations = (
				239B353E1739EDEF00CB0EC6 /* Debug */,
				239B353F1739EDEF00CB0EC6 /* Release */,
			);
			defaultConfigurationIsVisible = 0;
			defaultConfigurationName = Release;
		};
/* End XCConfigurationList section */
	};
	rootObject = 239B35011739EDEE00CB0EC6 /* Project object */;
}
